
Microsoft Visual Studio Solution File, Format Version 12.00
# Visual Studio 14
VisualStudioVersion = 14.0.25420.1
MinimumVisualStudioVersion = 10.0.40219.1
Project("{8BC9CEB8-8B4A-11D0-8D11-00A0C91BC942}") = "tessellation", "tessellation\tessellation.vcxproj", "{015C3F70-FFCE-45DA-80E0-5DED015868D7}"
EndProject
Project("{8BC9CEB8-8B4A-11D0-8D11-00A0C91BC942}") = "displacement", "displacement\displacement.vcxproj", "{44B86F78-3931-4198-B189-6DF4B32FA8AE}"
EndProject
Project("{8BC9CEB8-8B4A-11D0-8D11-00A0C91BC942}") = "triangle", "triangle\triangle.vcxproj", "{3E6755A8-7370-4449-A8B7-4FCDCABD242C}"
EndProject
Project("{8BC9CEB8-8B4A-11D0-8D11-00A0C91BC942}") = "pipelines", "pipelines\pipelines.vcxproj", "{B7839B09-4D40-4E88-95D7-00CFE120ADCC}"
EndProject
Project("{8BC9CEB8-8B4A-11D0-8D11-00A0C91BC942}") = "geometryshader", "geometryshader\geometryshader.vcxproj", "{EA0130EC-A407-4F1F-97F4-7D0FB731475E}"
EndProject
Project("{8BC9CEB8-8B4A-11D0-8D11-00A0C91BC942}") = "mesh", "mesh\mesh.vcxproj", "{5705CA9F-95A0-477C-9169-4CBB0484A44A}"
EndProject
Project("{8BC9CEB8-8B4A-11D0-8D11-00A0C91BC942}") = "gears", "gears\gears.vcxproj", "{308FA88E-E958-4F2E-B571-21EBC19E06C6}"
EndProject
Project("{8BC9CEB8-8B4A-11D0-8D11-00A0C91BC942}") = "sphericalenvmapping", "sphericalenvmapping\sphericalenvmapping.vcxproj", "{BF2419E5-AF01-46F8-8408-6346FC204818}"
EndProject
Project("{8BC9CEB8-8B4A-11D0-8D11-00A0C91BC942}") = "texture", "texture\texture.vcxproj", "{57261E3A-6A05-4E33-B521-C4CB82D916B3}"
EndProject
Project("{8BC9CEB8-8B4A-11D0-8D11-00A0C91BC942}") = "instancing", "instancing\instancing.vcxproj", "{CF2E27EC-5A81-412A-A3E2-E6EB5C8B66E3}"
EndProject
Project("{8BC9CEB8-8B4A-11D0-8D11-00A0C91BC942}") = "vulkanscene", "vulkanscene\vulkanscene.vcxproj", "{A986C70B-C88A-4F07-BCFC-AAE795EE0755}"
EndProject
Project("{8BC9CEB8-8B4A-11D0-8D11-00A0C91BC942}") = "parallaxmapping", "parallaxmapping\parallaxmapping.vcxproj", "{3DB08441-72C9-4172-8BA9-ECEE032387BA}"
EndProject
Project("{8BC9CEB8-8B4A-11D0-8D11-00A0C91BC942}") = "offscreen", "offscreen\offscreen.vcxproj", "{97413B4D-F770-49A1-ABF6-BEFB2B1C509C}"
EndProject
Project("{8BC9CEB8-8B4A-11D0-8D11-00A0C91BC942}") = "radialblur", "radialblur\radialblur.vcxproj", "{3D85DD50-05FD-4177-944F-F93D180A0055}"
EndProject
Project("{8BC9CEB8-8B4A-11D0-8D11-00A0C91BC942}") = "bloom", "bloom\bloom.vcxproj", "{DF2888BD-8794-4074-8E9C-1E70443CE45E}"
EndProject
Project("{8BC9CEB8-8B4A-11D0-8D11-00A0C91BC942}") = "computeshader", "computeshader\computeshader.vcxproj", "{553C9532-8989-4851-9D59-557C64FF62BE}"
EndProject
Project("{8BC9CEB8-8B4A-11D0-8D11-00A0C91BC942}") = "pushconstants", "pushconstants\pushconstants.vcxproj", "{6638BBE9-E47E-4A57-95A4-09474C37D023}"
EndProject
Project("{8BC9CEB8-8B4A-11D0-8D11-00A0C91BC942}") = "computeparticles", "computeparticles\computeparticles.vcxproj", "{5A049556-EA1E-4985-8D0B-3748E5D56F68}"
EndProject
Project("{8BC9CEB8-8B4A-11D0-8D11-00A0C91BC942}") = "texturecubemap", "texturecubemap\texturecubemap.vcxproj", "{0D4DE16B-71FE-4B17-8310-3FFFB9E873B7}"
EndProject
Project("{8BC9CEB8-8B4A-11D0-8D11-00A0C91BC942}") = "texturearray", "texturearray\texturearray.vcxproj", "{5E512F97-14DB-4CEE-A495-BD8AED789521}"
EndProject
Project("{8BC9CEB8-8B4A-11D0-8D11-00A0C91BC942}") = "shadowmappingomni", "shadowmappingomni\shadowmappingomni.vcxproj", "{7B36E42B-5A35-429D-BCD6-C762BD43B2F5}"
EndProject
Project("{8BC9CEB8-8B4A-11D0-8D11-00A0C91BC942}") = "deferred", "deferred\deferred.vcxproj", "{AF2911F4-33BF-465E-9298-E46D58B929EF}"
EndProject
Project("{8BC9CEB8-8B4A-11D0-8D11-00A0C91BC942}") = "occlusionquery", "occlusionquery\occlusionquery.vcxproj", "{506027E4-0A45-4141-95C9-9B0103809922}"
EndProject
Project("{8BC9CEB8-8B4A-11D0-8D11-00A0C91BC942}") = "skeletalanimation", "skeletalanimation\skeletalanimation.vcxproj", "{469A1996-9BC5-4003-9564-C3816E3822E0}"
EndProject
Project("{8BC9CEB8-8B4A-11D0-8D11-00A0C91BC942}") = "distancefieldfonts", "distancefieldfonts\distancefieldfonts.vcxproj", "{ABBB2F3B-C176-4006-853F-FC695AEF5DA0}"
EndProject
Project("{8BC9CEB8-8B4A-11D0-8D11-00A0C91BC942}") = "multithreading", "multithreading\multithreading.vcxproj", "{F5703C3C-F495-4D5C-BAA5-A90C4E20C7B7}"
EndProject
Project("{8BC9CEB8-8B4A-11D0-8D11-00A0C91BC942}") = "shadowmapping", "shadowmapping\shadowmapping.vcxproj", "{BF22CE41-AA83-45FE-813A-451E2EDF58D9}"
EndProject
Project("{8BC9CEB8-8B4A-11D0-8D11-00A0C91BC942}") = "particlefire", "particlefire\particlefire.vcxproj", "{A8DDE46D-0C36-49E5-83CB-19FF69493FA0}"
EndProject
Project("{8BC9CEB8-8B4A-11D0-8D11-00A0C91BC942}") = "raytracing", "raytracing\raytracing.vcxproj", "{8B1C24E5-CC00-484C-9F6F-8FFCBDA3AA30}"
EndProject
Project("{8BC9CEB8-8B4A-11D0-8D11-00A0C91BC942}") = "multisampling", "multisampling\multisampling.vcxproj", "{34265930-5C09-447C-9C21-45FD933902FC}"
EndProject
Project("{8BC9CEB8-8B4A-11D0-8D11-00A0C91BC942}") = "textoverlay", "textoverlay\textoverlay.vcxproj", "{9462DD15-5A1D-460A-B502-C9250D98D7A3}"
EndProject
Project("{8BC9CEB8-8B4A-11D0-8D11-00A0C91BC942}") = "debugmarker", "debugmarker\debugmarker.vcxproj", "{146FD6F8-5CB4-478E-A823-7350A0ACCF1D}"
EndProject
Project("{8BC9CEB8-8B4A-11D0-8D11-00A0C91BC942}") = "scenerendering", "scenerendering\scenerendering.vcxproj", "{D928DFBB-DB07-411E-A650-6D3CE697D7D0}"
EndProject
Project("{8BC9CEB8-8B4A-11D0-8D11-00A0C91BC942}") = "terraintessellation", "terraintessellation\terraintessellation.vcxproj", "{6C6E48B1-5946-4754-9E31-E1C989EC25FE}"
EndProject
Project("{8BC9CEB8-8B4A-11D0-8D11-00A0C91BC942}") = "deferredshadows", "deferredshadows\deferredshadows.vcxproj", "{BFEB15A3-D252-4AF7-8CA8-B9396F374DDB}"
EndProject
Project("{2150E333-8FDC-42A3-9474-1A3956D46DE8}") = "Base", "Base", "{09B9A54B-FC57-4A98-9671-5706FC3846C9}"
	ProjectSection(SolutionItems) = preProject
		base\camera.hpp = base\camera.hpp
		base\frustum.hpp = base\frustum.hpp
		base\threadpool.hpp = base\threadpool.hpp
		base\vulkanandroid.cpp = base\vulkanandroid.cpp
		base\vulkanandroid.h = base\vulkanandroid.h
		base\VulkanBuffer.hpp = base\VulkanBuffer.hpp
		base\vulkandebug.cpp = base\vulkandebug.cpp
		base\vulkandebug.h = base\vulkandebug.h
		base\VulkanDevice.hpp = base\VulkanDevice.hpp
		base\vulkanexamplebase.cpp = base\vulkanexamplebase.cpp
		base\vulkanexamplebase.h = base\vulkanexamplebase.h
		base\VulkanFrameBuffer.hpp = base\VulkanFrameBuffer.hpp
		base\VulkanHeightmap.hpp = base\VulkanHeightmap.hpp
		base\VulkanInitializers.hpp = base\VulkanInitializers.hpp
		base\VulkanModel.hpp = base\VulkanModel.hpp
		base\vulkanswapchain.hpp = base\vulkanswapchain.hpp
		base\vulkantextoverlay.hpp = base\vulkantextoverlay.hpp
		base\VulkanTexture.hpp = base\VulkanTexture.hpp
		base\VulkanTools.h = base\VulkanTools.h
		base\VulkanTools.hpp = base\VulkanTools.hpp
	EndProjectSection
EndProject
Project("{8BC9CEB8-8B4A-11D0-8D11-00A0C91BC942}") = "indirectdraw", "indirectdraw\indirectdraw.vcxproj", "{2BBDD10F-2C9D-4BEA-8C7B-1C510A2CE08B}"
EndProject
Project("{8BC9CEB8-8B4A-11D0-8D11-00A0C91BC942}") = "texturemipmapgen", "texturemipmapgen\texturemipmapgen.vcxproj", "{24AD09B4-6ABE-4A82-83E7-6A7799A88762}"
EndProject
Project("{2150E333-8FDC-42A3-9474-1A3956D46DE8}") = "Compute", "Compute", "{6B47BC47-0394-429E-9441-867EC23DFCD4}"
EndProject
Project("{2150E333-8FDC-42A3-9474-1A3956D46DE8}") = "Textures", "Textures", "{A8492D6D-5243-456E-8173-39B99F1FEA9C}"
EndProject
Project("{2150E333-8FDC-42A3-9474-1A3956D46DE8}") = "Tessellation", "Tessellation", "{C93DE675-A816-4412-8E9F-1EFE9AC07750}"
EndProject
Project("{8BC9CEB8-8B4A-11D0-8D11-00A0C91BC942}") = "texture3d", "texture3d\texture3d.vcxproj", "{D36B82DD-9114-44D2-A9C9-8DF0F8544BD5}"
EndProject
Project("{8BC9CEB8-8B4A-11D0-8D11-00A0C91BC942}") = "texturesparseresidency", "texturesparseresidency\texturesparseresidency.vcxproj", "{1FA0178C-F5E9-4B2E-A488-14F310F8DBD9}"
EndProject
Project("{2150E333-8FDC-42A3-9474-1A3956D46DE8}") = "deferred", "deferred", "{460EE42F-4178-49EF-9AC0-415599B80303}"
EndProject
Project("{8BC9CEB8-8B4A-11D0-8D11-00A0C91BC942}") = "deferredmultisampling", "deferredmultisampling\deferredmultisampling.vcxproj", "{0CB44B34-A81F-4002-9AC7-E0EEA55D8A60}"
EndProject
Project("{8BC9CEB8-8B4A-11D0-8D11-00A0C91BC942}") = "computecullandlod", "computecullandlod\computecullandlod.vcxproj", "{8418A364-3D1C-4938-A2CC-C1D1433039F2}"
EndProject
Project("{8BC9CEB8-8B4A-11D0-8D11-00A0C91BC942}") = "subpasses", "subpasses\subpasses.vcxproj", "{DE1DEF4B-307E-45C2-90CC-8023327294E2}"
EndProject
Project("{8BC9CEB8-8B4A-11D0-8D11-00A0C91BC942}") = "ssao", "ssao\ssao.vcxproj", "{43FCECF5-F5E1-45DB-972A-73942D459C0A}"
EndProject
Project("{8BC9CEB8-8B4A-11D0-8D11-00A0C91BC942}") = "computenbody", "computenbody\computenbody.vcxproj", "{6B4BC372-5897-40FB-91D4-421C2817F656}"
EndProject
Project("{2150E333-8FDC-42A3-9474-1A3956D46DE8}") = "Solution Items", "Solution Items", "{9E815C67-731B-4559-938E-23CD771F0860}"
	ProjectSection(SolutionItems) = preProject
		CMakeLists.txt = CMakeLists.txt
		README.md = README.md
	EndProjectSection
EndProject
Project("{8BC9CEB8-8B4A-11D0-8D11-00A0C91BC942}") = "screenshot", "screenshot\screenshot.vcxproj", "{AD1DAD4D-A753-4A78-88E2-B4DCE15D482F}"
EndProject
Project("{8BC9CEB8-8B4A-11D0-8D11-00A0C91BC942}") = "dynamicuniformbuffer", "dynamicuniformbuffer\dynamicuniformbuffer.vcxproj", "{3DB2A9C4-50BC-4390-A94F-F7F724238101}"
EndProject
Project("{8BC9CEB8-8B4A-11D0-8D11-00A0C91BC942}") = "specializationconstants", "specializationconstants\specializationconstants.vcxproj", "{00F600D2-DF0E-4F07-B722-633F7C4B2F65}"
EndProject
Project("{8BC9CEB8-8B4A-11D0-8D11-00A0C91BC942}") = "hdr", "hdr\hdr.vcxproj", "{582913B3-9B37-48CA-AEBD-69023DA9F7C8}"
EndProject
Project("{8BC9CEB8-8B4A-11D0-8D11-00A0C91BC942}") = "pbr", "pbr\pbr.vcxproj", "{92B2640A-0CC5-48EA-B34C-520BA13938D1}"
EndProject
Global
	GlobalSection(SolutionConfigurationPlatforms) = preSolution
		Debug|x64 = Debug|x64
		Release|x64 = Release|x64
	EndGlobalSection
	GlobalSection(ProjectConfigurationPlatforms) = postSolution
		{015C3F70-FFCE-45DA-80E0-5DED015868D7}.Debug|x64.ActiveCfg = Debug|x64
		{015C3F70-FFCE-45DA-80E0-5DED015868D7}.Debug|x64.Build.0 = Debug|x64
		{015C3F70-FFCE-45DA-80E0-5DED015868D7}.Release|x64.ActiveCfg = Release|x64
		{015C3F70-FFCE-45DA-80E0-5DED015868D7}.Release|x64.Build.0 = Release|x64
		{44B86F78-3931-4198-B189-6DF4B32FA8AE}.Debug|x64.ActiveCfg = Debug|x64
		{44B86F78-3931-4198-B189-6DF4B32FA8AE}.Debug|x64.Build.0 = Debug|x64
		{44B86F78-3931-4198-B189-6DF4B32FA8AE}.Release|x64.ActiveCfg = Release|x64
		{44B86F78-3931-4198-B189-6DF4B32FA8AE}.Release|x64.Build.0 = Release|x64
		{3E6755A8-7370-4449-A8B7-4FCDCABD242C}.Debug|x64.ActiveCfg = Debug|x64
		{3E6755A8-7370-4449-A8B7-4FCDCABD242C}.Debug|x64.Build.0 = Debug|x64
		{3E6755A8-7370-4449-A8B7-4FCDCABD242C}.Release|x64.ActiveCfg = Release|x64
		{3E6755A8-7370-4449-A8B7-4FCDCABD242C}.Release|x64.Build.0 = Release|x64
		{B7839B09-4D40-4E88-95D7-00CFE120ADCC}.Debug|x64.ActiveCfg = Debug|x64
		{B7839B09-4D40-4E88-95D7-00CFE120ADCC}.Debug|x64.Build.0 = Debug|x64
		{B7839B09-4D40-4E88-95D7-00CFE120ADCC}.Release|x64.ActiveCfg = Release|x64
		{B7839B09-4D40-4E88-95D7-00CFE120ADCC}.Release|x64.Build.0 = Release|x64
		{EA0130EC-A407-4F1F-97F4-7D0FB731475E}.Debug|x64.ActiveCfg = Debug|x64
		{EA0130EC-A407-4F1F-97F4-7D0FB731475E}.Debug|x64.Build.0 = Debug|x64
		{EA0130EC-A407-4F1F-97F4-7D0FB731475E}.Release|x64.ActiveCfg = Release|x64
		{EA0130EC-A407-4F1F-97F4-7D0FB731475E}.Release|x64.Build.0 = Release|x64
		{5705CA9F-95A0-477C-9169-4CBB0484A44A}.Debug|x64.ActiveCfg = Debug|x64
		{5705CA9F-95A0-477C-9169-4CBB0484A44A}.Debug|x64.Build.0 = Debug|x64
		{5705CA9F-95A0-477C-9169-4CBB0484A44A}.Release|x64.ActiveCfg = Release|x64
		{5705CA9F-95A0-477C-9169-4CBB0484A44A}.Release|x64.Build.0 = Release|x64
		{308FA88E-E958-4F2E-B571-21EBC19E06C6}.Debug|x64.ActiveCfg = Debug|x64
		{308FA88E-E958-4F2E-B571-21EBC19E06C6}.Debug|x64.Build.0 = Debug|x64
		{308FA88E-E958-4F2E-B571-21EBC19E06C6}.Release|x64.ActiveCfg = Release|x64
		{308FA88E-E958-4F2E-B571-21EBC19E06C6}.Release|x64.Build.0 = Release|x64
		{BF2419E5-AF01-46F8-8408-6346FC204818}.Debug|x64.ActiveCfg = Debug|x64
		{BF2419E5-AF01-46F8-8408-6346FC204818}.Debug|x64.Build.0 = Debug|x64
		{BF2419E5-AF01-46F8-8408-6346FC204818}.Release|x64.ActiveCfg = Release|x64
		{BF2419E5-AF01-46F8-8408-6346FC204818}.Release|x64.Build.0 = Release|x64
		{57261E3A-6A05-4E33-B521-C4CB82D916B3}.Debug|x64.ActiveCfg = Debug|x64
		{57261E3A-6A05-4E33-B521-C4CB82D916B3}.Debug|x64.Build.0 = Debug|x64
		{57261E3A-6A05-4E33-B521-C4CB82D916B3}.Release|x64.ActiveCfg = Release|x64
		{57261E3A-6A05-4E33-B521-C4CB82D916B3}.Release|x64.Build.0 = Release|x64
		{CF2E27EC-5A81-412A-A3E2-E6EB5C8B66E3}.Debug|x64.ActiveCfg = Debug|x64
		{CF2E27EC-5A81-412A-A3E2-E6EB5C8B66E3}.Debug|x64.Build.0 = Debug|x64
		{CF2E27EC-5A81-412A-A3E2-E6EB5C8B66E3}.Release|x64.ActiveCfg = Release|x64
		{CF2E27EC-5A81-412A-A3E2-E6EB5C8B66E3}.Release|x64.Build.0 = Release|x64
		{A986C70B-C88A-4F07-BCFC-AAE795EE0755}.Debug|x64.ActiveCfg = Debug|x64
		{A986C70B-C88A-4F07-BCFC-AAE795EE0755}.Debug|x64.Build.0 = Debug|x64
		{A986C70B-C88A-4F07-BCFC-AAE795EE0755}.Release|x64.ActiveCfg = Release|x64
		{A986C70B-C88A-4F07-BCFC-AAE795EE0755}.Release|x64.Build.0 = Release|x64
		{3DB08441-72C9-4172-8BA9-ECEE032387BA}.Debug|x64.ActiveCfg = Debug|x64
		{3DB08441-72C9-4172-8BA9-ECEE032387BA}.Debug|x64.Build.0 = Debug|x64
		{3DB08441-72C9-4172-8BA9-ECEE032387BA}.Release|x64.ActiveCfg = Release|x64
		{3DB08441-72C9-4172-8BA9-ECEE032387BA}.Release|x64.Build.0 = Release|x64
		{97413B4D-F770-49A1-ABF6-BEFB2B1C509C}.Debug|x64.ActiveCfg = Debug|x64
		{97413B4D-F770-49A1-ABF6-BEFB2B1C509C}.Debug|x64.Build.0 = Debug|x64
		{97413B4D-F770-49A1-ABF6-BEFB2B1C509C}.Release|x64.ActiveCfg = Release|x64
		{97413B4D-F770-49A1-ABF6-BEFB2B1C509C}.Release|x64.Build.0 = Release|x64
		{3D85DD50-05FD-4177-944F-F93D180A0055}.Debug|x64.ActiveCfg = Debug|x64
		{3D85DD50-05FD-4177-944F-F93D180A0055}.Debug|x64.Build.0 = Debug|x64
		{3D85DD50-05FD-4177-944F-F93D180A0055}.Release|x64.ActiveCfg = Release|x64
		{3D85DD50-05FD-4177-944F-F93D180A0055}.Release|x64.Build.0 = Release|x64
		{DF2888BD-8794-4074-8E9C-1E70443CE45E}.Debug|x64.ActiveCfg = Debug|x64
		{DF2888BD-8794-4074-8E9C-1E70443CE45E}.Debug|x64.Build.0 = Debug|x64
		{DF2888BD-8794-4074-8E9C-1E70443CE45E}.Release|x64.ActiveCfg = Release|x64
		{DF2888BD-8794-4074-8E9C-1E70443CE45E}.Release|x64.Build.0 = Release|x64
		{553C9532-8989-4851-9D59-557C64FF62BE}.Debug|x64.ActiveCfg = Debug|x64
		{553C9532-8989-4851-9D59-557C64FF62BE}.Debug|x64.Build.0 = Debug|x64
		{553C9532-8989-4851-9D59-557C64FF62BE}.Release|x64.ActiveCfg = Release|x64
		{553C9532-8989-4851-9D59-557C64FF62BE}.Release|x64.Build.0 = Release|x64
		{6638BBE9-E47E-4A57-95A4-09474C37D023}.Debug|x64.ActiveCfg = Debug|x64
		{6638BBE9-E47E-4A57-95A4-09474C37D023}.Debug|x64.Build.0 = Debug|x64
		{6638BBE9-E47E-4A57-95A4-09474C37D023}.Release|x64.ActiveCfg = Release|x64
		{6638BBE9-E47E-4A57-95A4-09474C37D023}.Release|x64.Build.0 = Release|x64
		{5A049556-EA1E-4985-8D0B-3748E5D56F68}.Debug|x64.ActiveCfg = Debug|x64
		{5A049556-EA1E-4985-8D0B-3748E5D56F68}.Debug|x64.Build.0 = Debug|x64
		{5A049556-EA1E-4985-8D0B-3748E5D56F68}.Release|x64.ActiveCfg = Release|x64
		{5A049556-EA1E-4985-8D0B-3748E5D56F68}.Release|x64.Build.0 = Release|x64
		{0D4DE16B-71FE-4B17-8310-3FFFB9E873B7}.Debug|x64.ActiveCfg = Debug|x64
		{0D4DE16B-71FE-4B17-8310-3FFFB9E873B7}.Debug|x64.Build.0 = Debug|x64
		{0D4DE16B-71FE-4B17-8310-3FFFB9E873B7}.Release|x64.ActiveCfg = Release|x64
		{0D4DE16B-71FE-4B17-8310-3FFFB9E873B7}.Release|x64.Build.0 = Release|x64
		{5E512F97-14DB-4CEE-A495-BD8AED789521}.Debug|x64.ActiveCfg = Debug|x64
		{5E512F97-14DB-4CEE-A495-BD8AED789521}.Debug|x64.Build.0 = Debug|x64
		{5E512F97-14DB-4CEE-A495-BD8AED789521}.Release|x64.ActiveCfg = Release|x64
		{5E512F97-14DB-4CEE-A495-BD8AED789521}.Release|x64.Build.0 = Release|x64
		{7B36E42B-5A35-429D-BCD6-C762BD43B2F5}.Debug|x64.ActiveCfg = Debug|x64
		{7B36E42B-5A35-429D-BCD6-C762BD43B2F5}.Debug|x64.Build.0 = Debug|x64
		{7B36E42B-5A35-429D-BCD6-C762BD43B2F5}.Release|x64.ActiveCfg = Release|x64
		{7B36E42B-5A35-429D-BCD6-C762BD43B2F5}.Release|x64.Build.0 = Release|x64
		{AF2911F4-33BF-465E-9298-E46D58B929EF}.Debug|x64.ActiveCfg = Debug|x64
		{AF2911F4-33BF-465E-9298-E46D58B929EF}.Debug|x64.Build.0 = Debug|x64
		{AF2911F4-33BF-465E-9298-E46D58B929EF}.Release|x64.ActiveCfg = Release|x64
		{AF2911F4-33BF-465E-9298-E46D58B929EF}.Release|x64.Build.0 = Release|x64
		{506027E4-0A45-4141-95C9-9B0103809922}.Debug|x64.ActiveCfg = Debug|x64
		{506027E4-0A45-4141-95C9-9B0103809922}.Debug|x64.Build.0 = Debug|x64
		{506027E4-0A45-4141-95C9-9B0103809922}.Release|x64.ActiveCfg = Release|x64
		{506027E4-0A45-4141-95C9-9B0103809922}.Release|x64.Build.0 = Release|x64
		{469A1996-9BC5-4003-9564-C3816E3822E0}.Debug|x64.ActiveCfg = Debug|x64
		{469A1996-9BC5-4003-9564-C3816E3822E0}.Debug|x64.Build.0 = Debug|x64
		{469A1996-9BC5-4003-9564-C3816E3822E0}.Release|x64.ActiveCfg = Release|x64
		{469A1996-9BC5-4003-9564-C3816E3822E0}.Release|x64.Build.0 = Release|x64
		{ABBB2F3B-C176-4006-853F-FC695AEF5DA0}.Debug|x64.ActiveCfg = Debug|x64
		{ABBB2F3B-C176-4006-853F-FC695AEF5DA0}.Debug|x64.Build.0 = Debug|x64
		{ABBB2F3B-C176-4006-853F-FC695AEF5DA0}.Release|x64.ActiveCfg = Release|x64
		{ABBB2F3B-C176-4006-853F-FC695AEF5DA0}.Release|x64.Build.0 = Release|x64
		{F5703C3C-F495-4D5C-BAA5-A90C4E20C7B7}.Debug|x64.ActiveCfg = Debug|x64
		{F5703C3C-F495-4D5C-BAA5-A90C4E20C7B7}.Debug|x64.Build.0 = Debug|x64
		{F5703C3C-F495-4D5C-BAA5-A90C4E20C7B7}.Release|x64.ActiveCfg = Release|x64
		{F5703C3C-F495-4D5C-BAA5-A90C4E20C7B7}.Release|x64.Build.0 = Release|x64
		{BF22CE41-AA83-45FE-813A-451E2EDF58D9}.Debug|x64.ActiveCfg = Debug|x64
		{BF22CE41-AA83-45FE-813A-451E2EDF58D9}.Debug|x64.Build.0 = Debug|x64
		{BF22CE41-AA83-45FE-813A-451E2EDF58D9}.Release|x64.ActiveCfg = Release|x64
		{BF22CE41-AA83-45FE-813A-451E2EDF58D9}.Release|x64.Build.0 = Release|x64
		{A8DDE46D-0C36-49E5-83CB-19FF69493FA0}.Debug|x64.ActiveCfg = Debug|x64
		{A8DDE46D-0C36-49E5-83CB-19FF69493FA0}.Debug|x64.Build.0 = Debug|x64
		{A8DDE46D-0C36-49E5-83CB-19FF69493FA0}.Release|x64.ActiveCfg = Release|x64
		{A8DDE46D-0C36-49E5-83CB-19FF69493FA0}.Release|x64.Build.0 = Release|x64
		{8B1C24E5-CC00-484C-9F6F-8FFCBDA3AA30}.Debug|x64.ActiveCfg = Debug|x64
		{8B1C24E5-CC00-484C-9F6F-8FFCBDA3AA30}.Debug|x64.Build.0 = Debug|x64
		{8B1C24E5-CC00-484C-9F6F-8FFCBDA3AA30}.Release|x64.ActiveCfg = Release|x64
		{8B1C24E5-CC00-484C-9F6F-8FFCBDA3AA30}.Release|x64.Build.0 = Release|x64
		{34265930-5C09-447C-9C21-45FD933902FC}.Debug|x64.ActiveCfg = Debug|x64
		{34265930-5C09-447C-9C21-45FD933902FC}.Debug|x64.Build.0 = Debug|x64
		{34265930-5C09-447C-9C21-45FD933902FC}.Release|x64.ActiveCfg = Release|x64
		{34265930-5C09-447C-9C21-45FD933902FC}.Release|x64.Build.0 = Release|x64
		{9462DD15-5A1D-460A-B502-C9250D98D7A3}.Debug|x64.ActiveCfg = Debug|x64
		{9462DD15-5A1D-460A-B502-C9250D98D7A3}.Debug|x64.Build.0 = Debug|x64
		{9462DD15-5A1D-460A-B502-C9250D98D7A3}.Release|x64.ActiveCfg = Release|x64
		{9462DD15-5A1D-460A-B502-C9250D98D7A3}.Release|x64.Build.0 = Release|x64
		{146FD6F8-5CB4-478E-A823-7350A0ACCF1D}.Debug|x64.ActiveCfg = Debug|x64
		{146FD6F8-5CB4-478E-A823-7350A0ACCF1D}.Debug|x64.Build.0 = Debug|x64
		{146FD6F8-5CB4-478E-A823-7350A0ACCF1D}.Release|x64.ActiveCfg = Release|x64
		{146FD6F8-5CB4-478E-A823-7350A0ACCF1D}.Release|x64.Build.0 = Release|x64
		{D928DFBB-DB07-411E-A650-6D3CE697D7D0}.Debug|x64.ActiveCfg = Debug|x64
		{D928DFBB-DB07-411E-A650-6D3CE697D7D0}.Debug|x64.Build.0 = Debug|x64
		{D928DFBB-DB07-411E-A650-6D3CE697D7D0}.Release|x64.ActiveCfg = Release|x64
		{D928DFBB-DB07-411E-A650-6D3CE697D7D0}.Release|x64.Build.0 = Release|x64
		{6C6E48B1-5946-4754-9E31-E1C989EC25FE}.Debug|x64.ActiveCfg = Debug|x64
		{6C6E48B1-5946-4754-9E31-E1C989EC25FE}.Debug|x64.Build.0 = Debug|x64
		{6C6E48B1-5946-4754-9E31-E1C989EC25FE}.Release|x64.ActiveCfg = Release|x64
		{6C6E48B1-5946-4754-9E31-E1C989EC25FE}.Release|x64.Build.0 = Release|x64
		{BFEB15A3-D252-4AF7-8CA8-B9396F374DDB}.Debug|x64.ActiveCfg = Debug|x64
		{BFEB15A3-D252-4AF7-8CA8-B9396F374DDB}.Debug|x64.Build.0 = Debug|x64
		{BFEB15A3-D252-4AF7-8CA8-B9396F374DDB}.Release|x64.ActiveCfg = Release|x64
		{BFEB15A3-D252-4AF7-8CA8-B9396F374DDB}.Release|x64.Build.0 = Release|x64
		{2BBDD10F-2C9D-4BEA-8C7B-1C510A2CE08B}.Debug|x64.ActiveCfg = Debug|x64
		{2BBDD10F-2C9D-4BEA-8C7B-1C510A2CE08B}.Debug|x64.Build.0 = Debug|x64
		{2BBDD10F-2C9D-4BEA-8C7B-1C510A2CE08B}.Release|x64.ActiveCfg = Release|x64
		{2BBDD10F-2C9D-4BEA-8C7B-1C510A2CE08B}.Release|x64.Build.0 = Release|x64
		{24AD09B4-6ABE-4A82-83E7-6A7799A88762}.Debug|x64.ActiveCfg = Debug|x64
		{24AD09B4-6ABE-4A82-83E7-6A7799A88762}.Debug|x64.Build.0 = Debug|x64
		{24AD09B4-6ABE-4A82-83E7-6A7799A88762}.Release|x64.ActiveCfg = Release|x64
		{24AD09B4-6ABE-4A82-83E7-6A7799A88762}.Release|x64.Build.0 = Release|x64
		{D36B82DD-9114-44D2-A9C9-8DF0F8544BD5}.Debug|x64.ActiveCfg = Debug|x64
		{D36B82DD-9114-44D2-A9C9-8DF0F8544BD5}.Debug|x64.Build.0 = Debug|x64
		{D36B82DD-9114-44D2-A9C9-8DF0F8544BD5}.Release|x64.ActiveCfg = Release|x64
		{D36B82DD-9114-44D2-A9C9-8DF0F8544BD5}.Release|x64.Build.0 = Release|x64
		{1FA0178C-F5E9-4B2E-A488-14F310F8DBD9}.Debug|x64.ActiveCfg = Debug|x64
		{1FA0178C-F5E9-4B2E-A488-14F310F8DBD9}.Debug|x64.Build.0 = Debug|x64
		{1FA0178C-F5E9-4B2E-A488-14F310F8DBD9}.Release|x64.ActiveCfg = Release|x64
		{1FA0178C-F5E9-4B2E-A488-14F310F8DBD9}.Release|x64.Build.0 = Release|x64
		{0CB44B34-A81F-4002-9AC7-E0EEA55D8A60}.Debug|x64.ActiveCfg = Debug|x64
		{0CB44B34-A81F-4002-9AC7-E0EEA55D8A60}.Debug|x64.Build.0 = Debug|x64
		{0CB44B34-A81F-4002-9AC7-E0EEA55D8A60}.Release|x64.ActiveCfg = Release|x64
		{0CB44B34-A81F-4002-9AC7-E0EEA55D8A60}.Release|x64.Build.0 = Release|x64
		{8418A364-3D1C-4938-A2CC-C1D1433039F2}.Debug|x64.ActiveCfg = Debug|x64
		{8418A364-3D1C-4938-A2CC-C1D1433039F2}.Debug|x64.Build.0 = Debug|x64
		{8418A364-3D1C-4938-A2CC-C1D1433039F2}.Release|x64.ActiveCfg = Release|x64
		{8418A364-3D1C-4938-A2CC-C1D1433039F2}.Release|x64.Build.0 = Release|x64
		{DE1DEF4B-307E-45C2-90CC-8023327294E2}.Debug|x64.ActiveCfg = Debug|x64
		{DE1DEF4B-307E-45C2-90CC-8023327294E2}.Debug|x64.Build.0 = Debug|x64
		{DE1DEF4B-307E-45C2-90CC-8023327294E2}.Release|x64.ActiveCfg = Release|x64
		{DE1DEF4B-307E-45C2-90CC-8023327294E2}.Release|x64.Build.0 = Release|x64
		{43FCECF5-F5E1-45DB-972A-73942D459C0A}.Debug|x64.ActiveCfg = Debug|x64
		{43FCECF5-F5E1-45DB-972A-73942D459C0A}.Debug|x64.Build.0 = Debug|x64
		{43FCECF5-F5E1-45DB-972A-73942D459C0A}.Release|x64.ActiveCfg = Release|x64
		{43FCECF5-F5E1-45DB-972A-73942D459C0A}.Release|x64.Build.0 = Release|x64
		{6B4BC372-5897-40FB-91D4-421C2817F656}.Debug|x64.ActiveCfg = Debug|x64
		{6B4BC372-5897-40FB-91D4-421C2817F656}.Debug|x64.Build.0 = Debug|x64
		{6B4BC372-5897-40FB-91D4-421C2817F656}.Release|x64.ActiveCfg = Release|x64
		{6B4BC372-5897-40FB-91D4-421C2817F656}.Release|x64.Build.0 = Release|x64
		{AD1DAD4D-A753-4A78-88E2-B4DCE15D482F}.Debug|x64.ActiveCfg = Debug|x64
		{AD1DAD4D-A753-4A78-88E2-B4DCE15D482F}.Debug|x64.Build.0 = Debug|x64
		{AD1DAD4D-A753-4A78-88E2-B4DCE15D482F}.Release|x64.ActiveCfg = Release|x64
		{AD1DAD4D-A753-4A78-88E2-B4DCE15D482F}.Release|x64.Build.0 = Release|x64
		{3DB2A9C4-50BC-4390-A94F-F7F724238101}.Debug|x64.ActiveCfg = Debug|x64
		{3DB2A9C4-50BC-4390-A94F-F7F724238101}.Debug|x64.Build.0 = Debug|x64
		{3DB2A9C4-50BC-4390-A94F-F7F724238101}.Release|x64.ActiveCfg = Release|x64
		{3DB2A9C4-50BC-4390-A94F-F7F724238101}.Release|x64.Build.0 = Release|x64
		{00F600D2-DF0E-4F07-B722-633F7C4B2F65}.Debug|x64.ActiveCfg = Debug|x64
		{00F600D2-DF0E-4F07-B722-633F7C4B2F65}.Debug|x64.Build.0 = Debug|x64
		{00F600D2-DF0E-4F07-B722-633F7C4B2F65}.Release|x64.ActiveCfg = Release|x64
		{00F600D2-DF0E-4F07-B722-633F7C4B2F65}.Release|x64.Build.0 = Release|x64
		{582913B3-9B37-48CA-AEBD-69023DA9F7C8}.Debug|x64.ActiveCfg = Debug|x64
		{582913B3-9B37-48CA-AEBD-69023DA9F7C8}.Debug|x64.Build.0 = Debug|x64
		{582913B3-9B37-48CA-AEBD-69023DA9F7C8}.Release|x64.ActiveCfg = Release|x64
		{582913B3-9B37-48CA-AEBD-69023DA9F7C8}.Release|x64.Build.0 = Release|x64
		{92B2640A-0CC5-48EA-B34C-520BA13938D1}.Debug|x64.ActiveCfg = Debug|x64
		{92B2640A-0CC5-48EA-B34C-520BA13938D1}.Debug|x64.Build.0 = Debug|x64
		{92B2640A-0CC5-48EA-B34C-520BA13938D1}.Release|x64.ActiveCfg = Release|x64
		{92B2640A-0CC5-48EA-B34C-520BA13938D1}.Release|x64.Build.0 = Release|x64
	EndGlobalSection
	GlobalSection(SolutionProperties) = preSolution
		HideSolutionNode = FALSE
	EndGlobalSection
	GlobalSection(NestedProjects) = preSolution
		{015C3F70-FFCE-45DA-80E0-5DED015868D7} = {C93DE675-A816-4412-8E9F-1EFE9AC07750}
		{44B86F78-3931-4198-B189-6DF4B32FA8AE} = {C93DE675-A816-4412-8E9F-1EFE9AC07750}
		{57261E3A-6A05-4E33-B521-C4CB82D916B3} = {A8492D6D-5243-456E-8173-39B99F1FEA9C}
		{553C9532-8989-4851-9D59-557C64FF62BE} = {6B47BC47-0394-429E-9441-867EC23DFCD4}
		{5A049556-EA1E-4985-8D0B-3748E5D56F68} = {6B47BC47-0394-429E-9441-867EC23DFCD4}
		{0D4DE16B-71FE-4B17-8310-3FFFB9E873B7} = {A8492D6D-5243-456E-8173-39B99F1FEA9C}
		{5E512F97-14DB-4CEE-A495-BD8AED789521} = {A8492D6D-5243-456E-8173-39B99F1FEA9C}
		{AF2911F4-33BF-465E-9298-E46D58B929EF} = {460EE42F-4178-49EF-9AC0-415599B80303}
		{8B1C24E5-CC00-484C-9F6F-8FFCBDA3AA30} = {6B47BC47-0394-429E-9441-867EC23DFCD4}
		{6C6E48B1-5946-4754-9E31-E1C989EC25FE} = {C93DE675-A816-4412-8E9F-1EFE9AC07750}
		{BFEB15A3-D252-4AF7-8CA8-B9396F374DDB} = {460EE42F-4178-49EF-9AC0-415599B80303}
		{24AD09B4-6ABE-4A82-83E7-6A7799A88762} = {A8492D6D-5243-456E-8173-39B99F1FEA9C}
		{D36B82DD-9114-44D2-A9C9-8DF0F8544BD5} = {A8492D6D-5243-456E-8173-39B99F1FEA9C}
		{1FA0178C-F5E9-4B2E-A488-14F310F8DBD9} = {A8492D6D-5243-456E-8173-39B99F1FEA9C}
		{0CB44B34-A81F-4002-9AC7-E0EEA55D8A60} = {460EE42F-4178-49EF-9AC0-415599B80303}
		{8418A364-3D1C-4938-A2CC-C1D1433039F2} = {6B47BC47-0394-429E-9441-867EC23DFCD4}
		{6B4BC372-5897-40FB-91D4-421C2817F656} = {6B47BC47-0394-429E-9441-867EC23DFCD4}
	EndGlobalSection
EndGlobal
