// !$*UTF8*$!
{
	archiveVersion = 1;
	classes = {
	};
	objectVersion = 46;
	objects = {

/* Begin PBXBuildFile section */
		A951FF171E9C349000FA9144 /* VulkanDebug.cpp in Sources */ = {isa = PBXBuildFile; fileRef = A951FF071E9C349000FA9144 /* VulkanDebug.cpp */; };
		A951FF181E9C349000FA9144 /* VulkanDebug.cpp in Sources */ = {isa = PBXBuildFile; fileRef = A951FF071E9C349000FA9144 /* VulkanDebug.cpp */; };
		A951FF191E9C349000FA9144 /* vulkanexamplebase.cpp in Sources */ = {isa = PBXBuildFile; fileRef = A951FF0A1E9C349000FA9144 /* vulkanexamplebase.cpp */; };
		A951FF1A1E9C349000FA9144 /* vulkanexamplebase.cpp in Sources */ = {isa = PBXBuildFile; fileRef = A951FF0A1E9C349000FA9144 /* vulkanexamplebase.cpp */; };
		A951FF1B1E9C349000FA9144 /* VulkanTools.cpp in Sources */ = {isa = PBXBuildFile; fileRef = A951FF131E9C349000FA9144 /* VulkanTools.cpp */; };
		A951FF1C1E9C349000FA9144 /* VulkanTools.cpp in Sources */ = {isa = PBXBuildFile; fileRef = A951FF131E9C349000FA9144 /* VulkanTools.cpp */; };
		A9532B761EF99894000A09E2 /* libMoltenVK.dylib in CopyFiles */ = {isa = PBXBuildFile; fileRef = A9532B751EF99894000A09E2 /* libMoltenVK.dylib */; settings = {ATTRIBUTES = (CodeSignOnCopy, ); }; };
		A9532B771EF9991A000A09E2 /* libMoltenVK.dylib in Frameworks */ = {isa = PBXBuildFile; fileRef = A9532B751EF99894000A09E2 /* libMoltenVK.dylib */; };
		A9532B781EF99937000A09E2 /* libMoltenVK.dylib in Frameworks */ = {isa = PBXBuildFile; fileRef = A9581BAB1EEB64EC00247309 /* libMoltenVK.dylib */; };
		A9581BA81EEB648C00247309 /* libzlibstatic.a in Frameworks */ = {isa = PBXBuildFile; fileRef = A9581BA71EEB648C00247309 /* libzlibstatic.a */; };
		A9581BAC1EEB64EC00247309 /* libMoltenVK.dylib in CopyFiles */ = {isa = PBXBuildFile; fileRef = A9581BAB1EEB64EC00247309 /* libMoltenVK.dylib */; settings = {ATTRIBUTES = (CodeSignOnCopy, ); }; };
		A98703D91E9D382A0066959C /* data in Resources */ = {isa = PBXBuildFile; fileRef = A98703D81E9D382A0066959C /* data */; };
		A98703DA1E9D382A0066959C /* data in Resources */ = {isa = PBXBuildFile; fileRef = A98703D81E9D382A0066959C /* data */; };
		A9B67B781C3AAE9800373FFD /* AppDelegate.m in Sources */ = {isa = PBXBuildFile; fileRef = A9B67B6C1C3AAE9800373FFD /* AppDelegate.m */; };
		A9B67B7A1C3AAE9800373FFD /* DemoViewController.mm in Sources */ = {isa = PBXBuildFile; fileRef = A9B67B6F1C3AAE9800373FFD /* DemoViewController.mm */; };
		A9B67B7C1C3AAE9800373FFD /* main.m in Sources */ = {isa = PBXBuildFile; fileRef = A9B67B711C3AAE9800373FFD /* main.m */; };
		A9B67B7D1C3AAE9800373FFD /* Default-568h@2x.png in Resources */ = {isa = PBXBuildFile; fileRef = A9B67B741C3AAE9800373FFD /* Default-568h@2x.png */; };
		A9B67B7E1C3AAE9800373FFD /* Default~ipad.png in Resources */ = {isa = PBXBuildFile; fileRef = A9B67B751C3AAE9800373FFD /* Default~ipad.png */; };
		A9B67B7F1C3AAE9800373FFD /* Icon.png in Resources */ = {isa = PBXBuildFile; fileRef = A9B67B761C3AAE9800373FFD /* Icon.png */; };
		A9B67B801C3AAE9800373FFD /* Main.storyboard in Resources */ = {isa = PBXBuildFile; fileRef = A9B67B771C3AAE9800373FFD /* Main.storyboard */; };
		A9B67B8C1C3AAEA200373FFD /* AppDelegate.m in Sources */ = {isa = PBXBuildFile; fileRef = A9B67B831C3AAEA200373FFD /* AppDelegate.m */; };
		A9B67B8D1C3AAEA200373FFD /* DemoViewController.mm in Sources */ = {isa = PBXBuildFile; fileRef = A9B67B851C3AAEA200373FFD /* DemoViewController.mm */; };
		A9B67B8F1C3AAEA200373FFD /* main.m in Sources */ = {isa = PBXBuildFile; fileRef = A9B67B871C3AAEA200373FFD /* main.m */; };
		A9B67B901C3AAEA200373FFD /* Main.storyboard in Resources */ = {isa = PBXBuildFile; fileRef = A9B67B8A1C3AAEA200373FFD /* Main.storyboard */; };
		A9B67B911C3AAEA200373FFD /* macOS.xcassets in Resources */ = {isa = PBXBuildFile; fileRef = A9B67B8B1C3AAEA200373FFD /* macOS.xcassets */; };
		A9BC9B1C1EE8421F00384233 /* MVKExample.cpp in Sources */ = {isa = PBXBuildFile; fileRef = A9BC9B1A1EE8421F00384233 /* MVKExample.cpp */; };
		A9BC9B1D1EE8421F00384233 /* MVKExample.cpp in Sources */ = {isa = PBXBuildFile; fileRef = A9BC9B1A1EE8421F00384233 /* MVKExample.cpp */; };
		C9788FD52044D78D00AB0892 /* VulkanAndroid.cpp in Sources */ = {isa = PBXBuildFile; fileRef = C9788FD32044D78D00AB0892 /* VulkanAndroid.cpp */; };
		C9A79EF12045045E00696219 /* stb_textedit.h in Sources */ = {isa = PBXBuildFile; fileRef = C9A79EE82045045D00696219 /* stb_textedit.h */; };
		C9A79EF22045045E00696219 /* imconfig.h in Sources */ = {isa = PBXBuildFile; fileRef = C9A79EE92045045D00696219 /* imconfig.h */; };
		C9A79EF32045045E00696219 /* imgui_demo.cpp in Sources */ = {isa = PBXBuildFile; fileRef = C9A79EEA2045045D00696219 /* imgui_demo.cpp */; };
		C9A79EF42045045E00696219 /* imgui_draw.cpp in Sources */ = {isa = PBXBuildFile; fileRef = C9A79EEB2045045D00696219 /* imgui_draw.cpp */; };
		C9A79EF52045045E00696219 /* imgui_internal.h in Sources */ = {isa = PBXBuildFile; fileRef = C9A79EEC2045045E00696219 /* imgui_internal.h */; };
		C9A79EF62045045E00696219 /* stb_rect_pack.h in Sources */ = {isa = PBXBuildFile; fileRef = C9A79EED2045045E00696219 /* stb_rect_pack.h */; };
		C9A79EF72045045E00696219 /* imgui.h in Sources */ = {isa = PBXBuildFile; fileRef = C9A79EEE2045045E00696219 /* imgui.h */; };
		C9A79EF82045045E00696219 /* stb_truetype.h in Sources */ = {isa = PBXBuildFile; fileRef = C9A79EEF2045045E00696219 /* stb_truetype.h */; };
		C9A79EF92045045E00696219 /* imgui.cpp in Sources */ = {isa = PBXBuildFile; fileRef = C9A79EF02045045E00696219 /* imgui.cpp */; };
		C9A79EFC204504E000696219 /* VulkanUIOverlay.cpp in Sources */ = {isa = PBXBuildFile; fileRef = C9A79EFB204504E000696219 /* VulkanUIOverlay.cpp */; };
		C9A79EFD2045051D00696219 /* VulkanUIOverlay.cpp in Sources */ = {isa = PBXBuildFile; fileRef = C9A79EFB204504E000696219 /* VulkanUIOverlay.cpp */; };
		C9A79EFE2045051D00696219 /* VulkanUIOverlay.h in Sources */ = {isa = PBXBuildFile; fileRef = C9A79EFA204504E000696219 /* VulkanUIOverlay.h */; };
/* End PBXBuildFile section */

/* Begin PBXCopyFilesBuildPhase section */
		A91227BB1E9D5E9D00108018 /* CopyFiles */ = {
			isa = PBXCopyFilesBuildPhase;
			buildActionMask = 2147483647;
			dstPath = "";
			dstSubfolderSpec = 6;
			files = (
				A9581BAC1EEB64EC00247309 /* libMoltenVK.dylib in CopyFiles */,
			);
			runOnlyForDeploymentPostprocessing = 0;
		};
		A9532B741EF9987C000A09E2 /* CopyFiles */ = {
			isa = PBXCopyFilesBuildPhase;
			buildActionMask = 2147483647;
			dstPath = "";
			dstSubfolderSpec = 6;
			files = (
				A9532B761EF99894000A09E2 /* libMoltenVK.dylib in CopyFiles */,
			);
			runOnlyForDeploymentPostprocessing = 0;
		};
/* End PBXCopyFilesBuildPhase section */

/* Begin PBXFileReference section */
		1D30AB110D05D00D00671497 /* Foundation.framework */ = {isa = PBXFileReference; lastKnownFileType = wrapper.framework; name = Foundation.framework; path = System/Library/Frameworks/Foundation.framework; sourceTree = SDKROOT; };
		1D3623EB0D0F72F000981E51 /* CoreGraphics.framework */ = {isa = PBXFileReference; lastKnownFileType = wrapper.framework; name = CoreGraphics.framework; path = System/Library/Frameworks/CoreGraphics.framework; sourceTree = SDKROOT; };
		1D6058910D05DD3D006BFB54 /* examples.app */ = {isa = PBXFileReference; explicitFileType = wrapper.application; includeInIndex = 0; path = examples.app; sourceTree = BUILT_PRODUCTS_DIR; };
		2D500B990D5A79CF00DBA0E3 /* QuartzCore.framework */ = {isa = PBXFileReference; lastKnownFileType = wrapper.framework; name = QuartzCore.framework; path = System/Library/Frameworks/QuartzCore.framework; sourceTree = SDKROOT; };
		A92F37071C7E1B2B008F8BC9 /* examples.h */ = {isa = PBXFileReference; fileEncoding = 4; lastKnownFileType = sourcecode.c.h; path = examples.h; sourceTree = "<group>"; };
		A94A67231B7BDE9B00F6D7C4 /* MetalGL.framework */ = {isa = PBXFileReference; lastKnownFileType = wrapper.framework; name = MetalGL.framework; path = ../../MetalGL/macOS/MetalGL.framework; sourceTree = "<group>"; };
		A94A67241B7BDE9B00F6D7C4 /* MetalGLShaderConverter.framework */ = {isa = PBXFileReference; lastKnownFileType = wrapper.framework; name = MetalGLShaderConverter.framework; path = ../../MetalGLShaderConverter/macOS/MetalGLShaderConverter.framework; sourceTree = "<group>"; };
		A951FF001E9C349000FA9144 /* camera.hpp */ = {isa = PBXFileReference; fileEncoding = 4; lastKnownFileType = sourcecode.cpp.h; path = camera.hpp; sourceTree = "<group>"; };
		A951FF011E9C349000FA9144 /* frustum.hpp */ = {isa = PBXFileReference; fileEncoding = 4; lastKnownFileType = sourcecode.cpp.h; path = frustum.hpp; sourceTree = "<group>"; };
		A951FF021E9C349000FA9144 /* keycodes.hpp */ = {isa = PBXFileReference; fileEncoding = 4; lastKnownFileType = sourcecode.cpp.h; path = keycodes.hpp; sourceTree = "<group>"; };
		A951FF031E9C349000FA9144 /* threadpool.hpp */ = {isa = PBXFileReference; fileEncoding = 4; lastKnownFileType = sourcecode.cpp.h; path = threadpool.hpp; sourceTree = "<group>"; };
		A951FF061E9C349000FA9144 /* VulkanBuffer.hpp */ = {isa = PBXFileReference; fileEncoding = 4; lastKnownFileType = sourcecode.cpp.h; path = VulkanBuffer.hpp; sourceTree = "<group>"; };
		A951FF071E9C349000FA9144 /* VulkanDebug.cpp */ = {isa = PBXFileReference; fileEncoding = 4; lastKnownFileType = sourcecode.cpp.cpp; path = VulkanDebug.cpp; sourceTree = "<group>"; };
		A951FF081E9C349000FA9144 /* VulkanDebug.h */ = {isa = PBXFileReference; fileEncoding = 4; lastKnownFileType = sourcecode.c.h; path = VulkanDebug.h; sourceTree = "<group>"; };
		A951FF091E9C349000FA9144 /* VulkanDevice.hpp */ = {isa = PBXFileReference; fileEncoding = 4; lastKnownFileType = sourcecode.cpp.h; path = VulkanDevice.hpp; sourceTree = "<group>"; };
		A951FF0A1E9C349000FA9144 /* vulkanexamplebase.cpp */ = {isa = PBXFileReference; fileEncoding = 4; lastKnownFileType = sourcecode.cpp.cpp; path = vulkanexamplebase.cpp; sourceTree = "<group>"; };
		A951FF0B1E9C349000FA9144 /* vulkanexamplebase.h */ = {isa = PBXFileReference; fileEncoding = 4; lastKnownFileType = sourcecode.c.h; path = vulkanexamplebase.h; sourceTree = "<group>"; };
		A951FF0C1E9C349000FA9144 /* VulkanFrameBuffer.hpp */ = {isa = PBXFileReference; fileEncoding = 4; lastKnownFileType = sourcecode.cpp.h; path = VulkanFrameBuffer.hpp; sourceTree = "<group>"; };
		A951FF0D1E9C349000FA9144 /* VulkanHeightmap.hpp */ = {isa = PBXFileReference; fileEncoding = 4; lastKnownFileType = sourcecode.cpp.h; path = VulkanHeightmap.hpp; sourceTree = "<group>"; };
		A951FF0E1E9C349000FA9144 /* VulkanInitializers.hpp */ = {isa = PBXFileReference; fileEncoding = 4; lastKnownFileType = sourcecode.cpp.h; path = VulkanInitializers.hpp; sourceTree = "<group>"; };
		A951FF0F1E9C349000FA9144 /* VulkanModel.hpp */ = {isa = PBXFileReference; fileEncoding = 4; lastKnownFileType = sourcecode.cpp.h; path = VulkanModel.hpp; sourceTree = "<group>"; };
		A951FF101E9C349000FA9144 /* VulkanSwapChain.hpp */ = {isa = PBXFileReference; fileEncoding = 4; lastKnownFileType = sourcecode.cpp.h; path = VulkanSwapChain.hpp; sourceTree = "<group>"; };
		A951FF121E9C349000FA9144 /* VulkanTexture.hpp */ = {isa = PBXFileReference; fileEncoding = 4; lastKnownFileType = sourcecode.cpp.h; path = VulkanTexture.hpp; sourceTree = "<group>"; };
		A951FF131E9C349000FA9144 /* VulkanTools.cpp */ = {isa = PBXFileReference; fileEncoding = 4; lastKnownFileType = sourcecode.cpp.cpp; path = VulkanTools.cpp; sourceTree = "<group>"; };
		A951FF141E9C349000FA9144 /* VulkanTools.h */ = {isa = PBXFileReference; fileEncoding = 4; lastKnownFileType = sourcecode.c.h; path = VulkanTools.h; sourceTree = "<group>"; };
		A9532B751EF99894000A09E2 /* libMoltenVK.dylib */ = {isa = PBXFileReference; lastKnownFileType = "compiled.mach-o.dylib"; name = libMoltenVK.dylib; path = MoltenVK/iOS/libMoltenVK.dylib; sourceTree = "<group>"; };
		A9581BAB1EEB64EC00247309 /* libMoltenVK.dylib */ = {isa = PBXFileReference; lastKnownFileType = "compiled.mach-o.dylib"; name = libMoltenVK.dylib; path = MoltenVK/macOS/libMoltenVK.dylib; sourceTree = "<group>"; };
		A977BCFE1B66BB010067E5BF /* examples.app */ = {isa = PBXFileReference; explicitFileType = wrapper.application; includeInIndex = 0; path = examples.app; sourceTree = BUILT_PRODUCTS_DIR; };
		A977BD211B67186B0067E5BF /* AppKit.framework */ = {isa = PBXFileReference; lastKnownFileType = wrapper.framework; name = AppKit.framework; path = Platforms/MacOSX.platform/Developer/SDKs/MacOSX10.11.sdk/System/Library/Frameworks/AppKit.framework; sourceTree = DEVELOPER_DIR; };
		A977BD221B67186B0067E5BF /* CoreGraphics.framework */ = {isa = PBXFileReference; lastKnownFileType = wrapper.framework; name = CoreGraphics.framework; path = Platforms/MacOSX.platform/Developer/SDKs/MacOSX10.11.sdk/System/Library/Frameworks/CoreGraphics.framework; sourceTree = DEVELOPER_DIR; };
		A977BD231B67186B0067E5BF /* Foundation.framework */ = {isa = PBXFileReference; lastKnownFileType = wrapper.framework; name = Foundation.framework; path = Platforms/MacOSX.platform/Developer/SDKs/MacOSX10.11.sdk/System/Library/Frameworks/Foundation.framework; sourceTree = DEVELOPER_DIR; };
		A977BD251B67186B0067E5BF /* Metal.framework */ = {isa = PBXFileReference; lastKnownFileType = wrapper.framework; name = Metal.framework; path = Platforms/MacOSX.platform/Developer/SDKs/MacOSX10.11.sdk/System/Library/Frameworks/Metal.framework; sourceTree = DEVELOPER_DIR; };
		A977BD261B67186B0067E5BF /* QuartzCore.framework */ = {isa = PBXFileReference; lastKnownFileType = wrapper.framework; name = QuartzCore.framework; path = Platforms/MacOSX.platform/Developer/SDKs/MacOSX10.11.sdk/System/Library/Frameworks/QuartzCore.framework; sourceTree = DEVELOPER_DIR; };
		A98703D81E9D382A0066959C /* data */ = {isa = PBXFileReference; lastKnownFileType = folder; name = data; path = ../data; sourceTree = "<group>"; };
		A9A222171B5D69F40050A5F9 /* Metal.framework */ = {isa = PBXFileReference; lastKnownFileType = wrapper.framework; name = Metal.framework; path = System/Library/Frameworks/Metal.framework; sourceTree = SDKROOT; };
		A9B5D09B1CF8830B00D7CBDD /* libc++.tbd */ = {isa = PBXFileReference; lastKnownFileType = "sourcecode.text-based-dylib-definition"; name = "libc++.tbd"; path = "usr/lib/libc++.tbd"; sourceTree = SDKROOT; };
		A9B67B6B1C3AAE9800373FFD /* AppDelegate.h */ = {isa = PBXFileReference; fileEncoding = 4; lastKnownFileType = sourcecode.c.h; path = AppDelegate.h; sourceTree = "<group>"; };
		A9B67B6C1C3AAE9800373FFD /* AppDelegate.m */ = {isa = PBXFileReference; fileEncoding = 4; lastKnownFileType = sourcecode.c.objc; path = AppDelegate.m; sourceTree = "<group>"; };
		A9B67B6E1C3AAE9800373FFD /* DemoViewController.h */ = {isa = PBXFileReference; fileEncoding = 4; lastKnownFileType = sourcecode.c.h; path = DemoViewController.h; sourceTree = "<group>"; };
		A9B67B6F1C3AAE9800373FFD /* DemoViewController.mm */ = {isa = PBXFileReference; fileEncoding = 4; lastKnownFileType = sourcecode.cpp.objcpp; path = DemoViewController.mm; sourceTree = "<group>"; };
		A9B67B701C3AAE9800373FFD /* Info.plist */ = {isa = PBXFileReference; fileEncoding = 4; lastKnownFileType = text.plist.xml; path = Info.plist; sourceTree = "<group>"; };
		A9B67B711C3AAE9800373FFD /* main.m */ = {isa = PBXFileReference; fileEncoding = 4; lastKnownFileType = sourcecode.c.objc; path = main.m; sourceTree = "<group>"; };
		A9B67B721C3AAE9800373FFD /* Prefix.pch */ = {isa = PBXFileReference; fileEncoding = 4; lastKnownFileType = sourcecode.c.h; path = Prefix.pch; sourceTree = "<group>"; };
		A9B67B741C3AAE9800373FFD /* Default-568h@2x.png */ = {isa = PBXFileReference; lastKnownFileType = image.png; path = "Default-568h@2x.png"; sourceTree = "<group>"; };
		A9B67B751C3AAE9800373FFD /* Default~ipad.png */ = {isa = PBXFileReference; lastKnownFileType = image.png; path = "Default~ipad.png"; sourceTree = "<group>"; };
		A9B67B761C3AAE9800373FFD /* Icon.png */ = {isa = PBXFileReference; lastKnownFileType = image.png; path = Icon.png; sourceTree = "<group>"; };
		A9B67B771C3AAE9800373FFD /* Main.storyboard */ = {isa = PBXFileReference; fileEncoding = 4; lastKnownFileType = file.storyboard; path = Main.storyboard; sourceTree = "<group>"; };
		A9B67B821C3AAEA200373FFD /* AppDelegate.h */ = {isa = PBXFileReference; fileEncoding = 4; lastKnownFileType = sourcecode.c.h; path = AppDelegate.h; sourceTree = "<group>"; };
		A9B67B831C3AAEA200373FFD /* AppDelegate.m */ = {isa = PBXFileReference; fileEncoding = 4; lastKnownFileType = sourcecode.c.objc; path = AppDelegate.m; sourceTree = "<group>"; };
		A9B67B841C3AAEA200373FFD /* DemoViewController.h */ = {isa = PBXFileReference; fileEncoding = 4; lastKnownFileType = sourcecode.c.h; path = DemoViewController.h; sourceTree = "<group>"; };
		A9B67B851C3AAEA200373FFD /* DemoViewController.mm */ = {isa = PBXFileReference; fileEncoding = 4; lastKnownFileType = sourcecode.cpp.objcpp; path = DemoViewController.mm; sourceTree = "<group>"; };
		A9B67B861C3AAEA200373FFD /* Info.plist */ = {isa = PBXFileReference; fileEncoding = 4; lastKnownFileType = text.plist.xml; path = Info.plist; sourceTree = "<group>"; };
		A9B67B871C3AAEA200373FFD /* main.m */ = {isa = PBXFileReference; fileEncoding = 4; lastKnownFileType = sourcecode.c.objc; path = main.m; sourceTree = "<group>"; };
		A9B67B881C3AAEA200373FFD /* Prefix.pch */ = {isa = PBXFileReference; fileEncoding = 4; lastKnownFileType = sourcecode.c.h; path = Prefix.pch; sourceTree = "<group>"; };
		A9B67B8A1C3AAEA200373FFD /* Main.storyboard */ = {isa = PBXFileReference; fileEncoding = 4; lastKnownFileType = file.storyboard; path = Main.storyboard; sourceTree = "<group>"; };
		A9B67B8B1C3AAEA200373FFD /* macOS.xcassets */ = {isa = PBXFileReference; lastKnownFileType = folder.assetcatalog; path = macOS.xcassets; sourceTree = "<group>"; };
		A9B6B7641C0F795D00A9E33A /* CoreAudio.framework */ = {isa = PBXFileReference; lastKnownFileType = wrapper.framework; name = CoreAudio.framework; path = System/Library/Frameworks/CoreAudio.framework; sourceTree = SDKROOT; };
		A9BC9B1A1EE8421F00384233 /* MVKExample.cpp */ = {isa = PBXFileReference; fileEncoding = 4; lastKnownFileType = sourcecode.cpp.cpp; path = MVKExample.cpp; sourceTree = "<group>"; };
		A9BC9B1B1EE8421F00384233 /* MVKExample.h */ = {isa = PBXFileReference; fileEncoding = 4; lastKnownFileType = sourcecode.c.h; path = MVKExample.h; sourceTree = "<group>"; };
		A9CDEA271B6A782C00F7B008 /* GLKit.framework */ = {isa = PBXFileReference; lastKnownFileType = wrapper.framework; name = GLKit.framework; path = System/Library/Frameworks/GLKit.framework; sourceTree = SDKROOT; };
		A9E264761B671B0A00FE691A /* libc++.dylib */ = {isa = PBXFileReference; lastKnownFileType = "compiled.mach-o.dylib"; name = "libc++.dylib"; path = "Platforms/MacOSX.platform/Developer/SDKs/MacOSX10.10.sdk/usr/lib/libc++.dylib"; sourceTree = DEVELOPER_DIR; };
		C9788FD02044D78D00AB0892 /* benchmark.hpp */ = {isa = PBXFileReference; fileEncoding = 4; lastKnownFileType = sourcecode.cpp.h; path = benchmark.hpp; sourceTree = "<group>"; };
		C9788FD22044D78D00AB0892 /* VulkanAndroid.h */ = {isa = PBXFileReference; fileEncoding = 4; lastKnownFileType = sourcecode.c.h; path = VulkanAndroid.h; sourceTree = "<group>"; };
		C9788FD32044D78D00AB0892 /* VulkanAndroid.cpp */ = {isa = PBXFileReference; fileEncoding = 4; lastKnownFileType = sourcecode.cpp.cpp; path = VulkanAndroid.cpp; sourceTree = "<group>"; };
		C9A79EE82045045D00696219 /* stb_textedit.h */ = {isa = PBXFileReference; lastKnownFileType = sourcecode.c.h; name = stb_textedit.h; path = ../external/imgui/stb_textedit.h; sourceTree = "<group>"; };
		C9A79EE92045045D00696219 /* imconfig.h */ = {isa = PBXFileReference; lastKnownFileType = sourcecode.c.h; name = imconfig.h; path = ../external/imgui/imconfig.h; sourceTree = "<group>"; };
		C9A79EEA2045045D00696219 /* imgui_demo.cpp */ = {isa = PBXFileReference; lastKnownFileType = sourcecode.cpp.cpp; name = imgui_demo.cpp; path = ../external/imgui/imgui_demo.cpp; sourceTree = "<group>"; };
		C9A79EEB2045045D00696219 /* imgui_draw.cpp */ = {isa = PBXFileReference; lastKnownFileType = sourcecode.cpp.cpp; name = imgui_draw.cpp; path = ../external/imgui/imgui_draw.cpp; sourceTree = "<group>"; };
		C9A79EEC2045045E00696219 /* imgui_internal.h */ = {isa = PBXFileReference; lastKnownFileType = sourcecode.c.h; name = imgui_internal.h; path = ../external/imgui/imgui_internal.h; sourceTree = "<group>"; };
		C9A79EED2045045E00696219 /* stb_rect_pack.h */ = {isa = PBXFileReference; lastKnownFileType = sourcecode.c.h; name = stb_rect_pack.h; path = ../external/imgui/stb_rect_pack.h; sourceTree = "<group>"; };
		C9A79EEE2045045E00696219 /* imgui.h */ = {isa = PBXFileReference; lastKnownFileType = sourcecode.c.h; name = imgui.h; path = ../external/imgui/imgui.h; sourceTree = "<group>"; };
		C9A79EEF2045045E00696219 /* stb_truetype.h */ = {isa = PBXFileReference; lastKnownFileType = sourcecode.c.h; name = stb_truetype.h; path = ../external/imgui/stb_truetype.h; sourceTree = "<group>"; };
		C9A79EF02045045E00696219 /* imgui.cpp */ = {isa = PBXFileReference; lastKnownFileType = sourcecode.cpp.cpp; name = imgui.cpp; path = ../external/imgui/imgui.cpp; sourceTree = "<group>"; };
		C9A79EFA204504E000696219 /* VulkanUIOverlay.h */ = {isa = PBXFileReference; fileEncoding = 4; lastKnownFileType = sourcecode.c.h; path = VulkanUIOverlay.h; sourceTree = "<group>"; };
		C9A79EFB204504E000696219 /* VulkanUIOverlay.cpp */ = {isa = PBXFileReference; fileEncoding = 4; lastKnownFileType = sourcecode.cpp.cpp; path = VulkanUIOverlay.cpp; sourceTree = "<group>"; };
/* End PBXFileReference section */

/* Begin PBXFrameworksBuildPhase section */
		1D60588F0D05DD3D006BFB54 /* Frameworks */ = {
			isa = PBXFrameworksBuildPhase;
			buildActionMask = 2147483647;
			files = (
				A9532B771EF9991A000A09E2 /* libMoltenVK.dylib in Frameworks */,
				A9581BA81EEB648C00247309 /* libzlibstatic.a in Frameworks */,
			);
			runOnlyForDeploymentPostprocessing = 0;
		};
		A977BCF11B66BB010067E5BF /* Frameworks */ = {
			isa = PBXFrameworksBuildPhase;
			buildActionMask = 2147483647;
			files = (
				A9532B781EF99937000A09E2 /* libMoltenVK.dylib in Frameworks */,
			);
			runOnlyForDeploymentPostprocessing = 0;
		};
/* End PBXFrameworksBuildPhase section */

/* Begin PBXGroup section */
		19C28FACFE9D520D11CA2CBB /* Products */ = {
			isa = PBXGroup;
			children = (
				1D6058910D05DD3D006BFB54 /* examples.app */,
				A977BCFE1B66BB010067E5BF /* examples.app */,
			);
			name = Products;
			sourceTree = "<group>";
		};
		29B97314FDCFA39411CA2CEA /* CustomTemplate */ = {
			isa = PBXGroup;
			children = (
				C9A79EE92045045D00696219 /* imconfig.h */,
				C9A79EEA2045045D00696219 /* imgui_demo.cpp */,
				C9A79EEB2045045D00696219 /* imgui_draw.cpp */,
				C9A79EEC2045045E00696219 /* imgui_internal.h */,
				C9A79EF02045045E00696219 /* imgui.cpp */,
				C9A79EEE2045045E00696219 /* imgui.h */,
				C9A79EED2045045E00696219 /* stb_rect_pack.h */,
				C9A79EE82045045D00696219 /* stb_textedit.h */,
				C9A79EEF2045045E00696219 /* stb_truetype.h */,
				A92F37071C7E1B2B008F8BC9 /* examples.h */,
				A9BC9B1B1EE8421F00384233 /* MVKExample.h */,
				A9BC9B1A1EE8421F00384233 /* MVKExample.cpp */,
				A951FEFF1E9C349000FA9144 /* base */,
				A98703D81E9D382A0066959C /* data */,
				A9B67B6A1C3AAE9800373FFD /* iOS */,
				A9B67B811C3AAEA200373FFD /* macOS */,
				29B97323FDCFA39411CA2CEA /* Frameworks */,
				19C28FACFE9D520D11CA2CBB /* Products */,
			);
			name = CustomTemplate;
			sourceTree = "<group>";
		};
		29B97323FDCFA39411CA2CEA /* Frameworks */ = {
			isa = PBXGroup;
			children = (
				A9581BAB1EEB64EC00247309 /* libMoltenVK.dylib */,
				A9532B751EF99894000A09E2 /* libMoltenVK.dylib */,
				A9581BA71EEB648C00247309 /* libzlibstatic.a */,
				A9B5D09B1CF8830B00D7CBDD /* libc++.tbd */,
				A9B6B7641C0F795D00A9E33A /* CoreAudio.framework */,
				A9ADEC601B6EC2EB00DBA48C /* iOS */,
				A9ADEC611B6EC2F300DBA48C /* macOS */,
			);
			name = Frameworks;
			sourceTree = "<group>";
		};
		A951FEFF1E9C349000FA9144 /* base */ = {
			isa = PBXGroup;
			children = (
				C9A79EFB204504E000696219 /* VulkanUIOverlay.cpp */,
				C9A79EFA204504E000696219 /* VulkanUIOverlay.h */,
				C9788FD02044D78D00AB0892 /* benchmark.hpp */,
				C9788FD32044D78D00AB0892 /* VulkanAndroid.cpp */,
				C9788FD22044D78D00AB0892 /* VulkanAndroid.h */,
				A951FF001E9C349000FA9144 /* camera.hpp */,
				A951FF011E9C349000FA9144 /* frustum.hpp */,
				A951FF021E9C349000FA9144 /* keycodes.hpp */,
				A951FF031E9C349000FA9144 /* threadpool.hpp */,
				A951FF061E9C349000FA9144 /* VulkanBuffer.hpp */,
				A951FF071E9C349000FA9144 /* VulkanDebug.cpp */,
				A951FF081E9C349000FA9144 /* VulkanDebug.h */,
				A951FF091E9C349000FA9144 /* VulkanDevice.hpp */,
				A951FF0A1E9C349000FA9144 /* vulkanexamplebase.cpp */,
				A951FF0B1E9C349000FA9144 /* vulkanexamplebase.h */,
				A951FF0C1E9C349000FA9144 /* VulkanFrameBuffer.hpp */,
				A951FF0D1E9C349000FA9144 /* VulkanHeightmap.hpp */,
				A951FF0E1E9C349000FA9144 /* VulkanInitializers.hpp */,
				A951FF0F1E9C349000FA9144 /* VulkanModel.hpp */,
				A951FF101E9C349000FA9144 /* VulkanSwapChain.hpp */,
				A951FF121E9C349000FA9144 /* VulkanTexture.hpp */,
				A951FF131E9C349000FA9144 /* VulkanTools.cpp */,
				A951FF141E9C349000FA9144 /* VulkanTools.h */,
			);
			name = base;
			path = ../base;
			sourceTree = "<group>";
		};
		A9ADEC601B6EC2EB00DBA48C /* iOS */ = {
			isa = PBXGroup;
			children = (
				A9A222171B5D69F40050A5F9 /* Metal.framework */,
				1D3623EB0D0F72F000981E51 /* CoreGraphics.framework */,
				2D500B990D5A79CF00DBA0E3 /* QuartzCore.framework */,
				1D30AB110D05D00D00671497 /* Foundation.framework */,
				A9CDEA271B6A782C00F7B008 /* GLKit.framework */,
			);
			name = iOS;
			sourceTree = "<group>";
		};
		A9ADEC611B6EC2F300DBA48C /* macOS */ = {
			isa = PBXGroup;
			children = (
				A94A67231B7BDE9B00F6D7C4 /* MetalGL.framework */,
				A94A67241B7BDE9B00F6D7C4 /* MetalGLShaderConverter.framework */,
				A9E264761B671B0A00FE691A /* libc++.dylib */,
				A977BD251B67186B0067E5BF /* Metal.framework */,
				A977BD261B67186B0067E5BF /* QuartzCore.framework */,
				A977BD211B67186B0067E5BF /* AppKit.framework */,
				A977BD221B67186B0067E5BF /* CoreGraphics.framework */,
				A977BD231B67186B0067E5BF /* Foundation.framework */,
			);
			name = macOS;
			sourceTree = "<group>";
		};
		A9B67B6A1C3AAE9800373FFD /* iOS */ = {
			isa = PBXGroup;
			children = (
				A9B67B6B1C3AAE9800373FFD /* AppDelegate.h */,
				A9B67B6C1C3AAE9800373FFD /* AppDelegate.m */,
				A9B67B6E1C3AAE9800373FFD /* DemoViewController.h */,
				A9B67B6F1C3AAE9800373FFD /* DemoViewController.mm */,
				A9B67B701C3AAE9800373FFD /* Info.plist */,
				A9B67B711C3AAE9800373FFD /* main.m */,
				A9B67B721C3AAE9800373FFD /* Prefix.pch */,
				A9B67B731C3AAE9800373FFD /* Resources */,
			);
			path = iOS;
			sourceTree = "<group>";
		};
		A9B67B731C3AAE9800373FFD /* Resources */ = {
			isa = PBXGroup;
			children = (
				A9B67B741C3AAE9800373FFD /* Default-568h@2x.png */,
				A9B67B751C3AAE9800373FFD /* Default~ipad.png */,
				A9B67B761C3AAE9800373FFD /* Icon.png */,
				A9B67B771C3AAE9800373FFD /* Main.storyboard */,
			);
			path = Resources;
			sourceTree = "<group>";
		};
		A9B67B811C3AAEA200373FFD /* macOS */ = {
			isa = PBXGroup;
			children = (
				A9B67B821C3AAEA200373FFD /* AppDelegate.h */,
				A9B67B831C3AAEA200373FFD /* AppDelegate.m */,
				A9B67B841C3AAEA200373FFD /* DemoViewController.h */,
				A9B67B851C3AAEA200373FFD /* DemoViewController.mm */,
				A9B67B861C3AAEA200373FFD /* Info.plist */,
				A9B67B871C3AAEA200373FFD /* main.m */,
				A9B67B881C3AAEA200373FFD /* Prefix.pch */,
				A9B67B891C3AAEA200373FFD /* Resources */,
			);
			path = macOS;
			sourceTree = "<group>";
		};
		A9B67B891C3AAEA200373FFD /* Resources */ = {
			isa = PBXGroup;
			children = (
				A9B67B8A1C3AAEA200373FFD /* Main.storyboard */,
				A9B67B8B1C3AAEA200373FFD /* macOS.xcassets */,
			);
			path = Resources;
			sourceTree = "<group>";
		};
/* End PBXGroup section */

/* Begin PBXNativeTarget section */
		1D6058900D05DD3D006BFB54 /* examples-ios */ = {
			isa = PBXNativeTarget;
			buildConfigurationList = 1D6058960D05DD3E006BFB54 /* Build configuration list for PBXNativeTarget "examples-ios" */;
			buildPhases = (
				1D60588D0D05DD3D006BFB54 /* Resources */,
				1D60588E0D05DD3D006BFB54 /* Sources */,
				1D60588F0D05DD3D006BFB54 /* Frameworks */,
				A9532B741EF9987C000A09E2 /* CopyFiles */,
			);
			buildRules = (
			);
			dependencies = (
			);
			name = "examples-ios";
			productName = foo;
			productReference = 1D6058910D05DD3D006BFB54 /* examples.app */;
			productType = "com.apple.product-type.application";
		};
		A977BCBD1B66BB010067E5BF /* examples-macos */ = {
			isa = PBXNativeTarget;
			buildConfigurationList = A977BCFB1B66BB010067E5BF /* Build configuration list for PBXNativeTarget "examples-macos" */;
			buildPhases = (
				A977BCBE1B66BB010067E5BF /* Resources */,
				A977BCC91B66BB010067E5BF /* Sources */,
				A977BCF11B66BB010067E5BF /* Frameworks */,
				A91227BB1E9D5E9D00108018 /* CopyFiles */,
			);
			buildRules = (
			);
			dependencies = (
			);
			name = "examples-macos";
			productName = foo;
			productReference = A977BCFE1B66BB010067E5BF /* examples.app */;
			productType = "com.apple.product-type.application";
		};
/* End PBXNativeTarget section */

/* Begin PBXProject section */
		29B97313FDCFA39411CA2CEA /* Project object */ = {
			isa = PBXProject;
			attributes = {
				LastUpgradeCheck = 0920;
				TargetAttributes = {
					1D6058900D05DD3D006BFB54 = {
						DevelopmentTeam = VU3TCKU48B;
					};
					A977BCBD1B66BB010067E5BF = {
						DevelopmentTeam = VU3TCKU48B;
					};
				};
			};
			buildConfigurationList = C01FCF4E08A954540054247B /* Build configuration list for PBXProject "examples" */;
			compatibilityVersion = "Xcode 3.2";
			developmentRegion = English;
			hasScannedForEncodings = 1;
			knownRegions = (
				English,
				Japanese,
				French,
				German,
			);
			mainGroup = 29B97314FDCFA39411CA2CEA /* CustomTemplate */;
			projectDirPath = "";
			projectRoot = "";
			targets = (
				1D6058900D05DD3D006BFB54 /* examples-ios */,
				A977BCBD1B66BB010067E5BF /* examples-macos */,
			);
		};
/* End PBXProject section */

/* Begin PBXResourcesBuildPhase section */
		1D60588D0D05DD3D006BFB54 /* Resources */ = {
			isa = PBXResourcesBuildPhase;
			buildActionMask = 2147483647;
			files = (
				A9B67B7F1C3AAE9800373FFD /* Icon.png in Resources */,
				A9B67B801C3AAE9800373FFD /* Main.storyboard in Resources */,
				A9B67B7E1C3AAE9800373FFD /* Default~ipad.png in Resources */,
				A9B67B7D1C3AAE9800373FFD /* Default-568h@2x.png in Resources */,
				A98703D91E9D382A0066959C /* data in Resources */,
			);
			runOnlyForDeploymentPostprocessing = 0;
		};
		A977BCBE1B66BB010067E5BF /* Resources */ = {
			isa = PBXResourcesBuildPhase;
			buildActionMask = 2147483647;
			files = (
				A9B67B911C3AAEA200373FFD /* macOS.xcassets in Resources */,
				A98703DA1E9D382A0066959C /* data in Resources */,
				A9B67B901C3AAEA200373FFD /* Main.storyboard in Resources */,
			);
			runOnlyForDeploymentPostprocessing = 0;
		};
/* End PBXResourcesBuildPhase section */

/* Begin PBXSourcesBuildPhase section */
		1D60588E0D05DD3D006BFB54 /* Sources */ = {
			isa = PBXSourcesBuildPhase;
			buildActionMask = 2147483647;
			files = (
				A951FF171E9C349000FA9144 /* VulkanDebug.cpp in Sources */,
				A9BC9B1C1EE8421F00384233 /* MVKExample.cpp in Sources */,
				C9A79EFC204504E000696219 /* VulkanUIOverlay.cpp in Sources */,
				A9B67B7A1C3AAE9800373FFD /* DemoViewController.mm in Sources */,
				A9B67B781C3AAE9800373FFD /* AppDelegate.m in Sources */,
				C9788FD52044D78D00AB0892 /* VulkanAndroid.cpp in Sources */,
				A951FF1B1E9C349000FA9144 /* VulkanTools.cpp in Sources */,
				A951FF191E9C349000FA9144 /* vulkanexamplebase.cpp in Sources */,
				A9B67B7C1C3AAE9800373FFD /* main.m in Sources */,
			);
			runOnlyForDeploymentPostprocessing = 0;
		};
		A977BCC91B66BB010067E5BF /* Sources */ = {
			isa = PBXSourcesBuildPhase;
			buildActionMask = 2147483647;
			files = (
				C9A79EFD2045051D00696219 /* VulkanUIOverlay.cpp in Sources */,
				C9A79EFE2045051D00696219 /* VulkanUIOverlay.h in Sources */,
				C9A79EF12045045E00696219 /* stb_textedit.h in Sources */,
				C9A79EF22045045E00696219 /* imconfig.h in Sources */,
				C9A79EF32045045E00696219 /* imgui_demo.cpp in Sources */,
				C9A79EF42045045E00696219 /* imgui_draw.cpp in Sources */,
				C9A79EF52045045E00696219 /* imgui_internal.h in Sources */,
				C9A79EF62045045E00696219 /* stb_rect_pack.h in Sources */,
				C9A79EF72045045E00696219 /* imgui.h in Sources */,
				C9A79EF82045045E00696219 /* stb_truetype.h in Sources */,
				C9A79EF92045045E00696219 /* imgui.cpp in Sources */,
				A951FF181E9C349000FA9144 /* VulkanDebug.cpp in Sources */,
				A9BC9B1D1EE8421F00384233 /* MVKExample.cpp in Sources */,
				A9B67B8C1C3AAEA200373FFD /* AppDelegate.m in Sources */,
				A9B67B8F1C3AAEA200373FFD /* main.m in Sources */,
				A951FF1C1E9C349000FA9144 /* VulkanTools.cpp in Sources */,
				A951FF1A1E9C349000FA9144 /* vulkanexamplebase.cpp in Sources */,
				A9B67B8D1C3AAEA200373FFD /* DemoViewController.mm in Sources */,
			);
			runOnlyForDeploymentPostprocessing = 0;
		};
/* End PBXSourcesBuildPhase section */

/* Begin XCBuildConfiguration section */
		1D6058940D05DD3E006BFB54 /* Debug */ = {
			isa = XCBuildConfiguration;
			buildSettings = {
				CODE_SIGN_IDENTITY = "iPhone Developer";
				DEVELOPMENT_TEAM = VU3TCKU48B;
				GCC_PREFIX_HEADER = "$(SRCROOT)/iOS/Prefix.pch";
				GCC_PREPROCESSOR_DEFINITIONS = (
					"$(inherited)",
					"DEBUG=1",
					_DEBUG,
					VK_USE_PLATFORM_IOS_MVK,
				);
				GCC_WARN_64_TO_32_BIT_CONVERSION = NO;
				INFOPLIST_FILE = "$(SRCROOT)/iOS/Info.plist";
				IPHONEOS_DEPLOYMENT_TARGET = 9.0;
				LD_RUNPATH_SEARCH_PATHS = "@executable_path";
				LIBRARY_SEARCH_PATHS = (
					"\"$(SRCROOT)/MoltenVK/iOS\"",
				);
				SDKROOT = iphoneos;
				TARGETED_DEVICE_FAMILY = "1,2";
				VALID_ARCHS = arm64;
			};
			name = Debug;
		};
		1D6058950D05DD3E006BFB54 /* Release */ = {
			isa = XCBuildConfiguration;
			buildSettings = {
				CODE_SIGN_IDENTITY = "iPhone Developer";
				DEVELOPMENT_TEAM = VU3TCKU48B;
				GCC_PREFIX_HEADER = "$(SRCROOT)/iOS/Prefix.pch";
				GCC_PREPROCESSOR_DEFINITIONS = (
					"$(inherited)",
					VK_USE_PLATFORM_IOS_MVK,
				);
				GCC_WARN_64_TO_32_BIT_CONVERSION = NO;
				INFOPLIST_FILE = "$(SRCROOT)/iOS/Info.plist";
				IPHONEOS_DEPLOYMENT_TARGET = 9.0;
				LD_RUNPATH_SEARCH_PATHS = "@executable_path";
				LIBRARY_SEARCH_PATHS = (
					"\"$(SRCROOT)/MoltenVK/iOS\"",
				);
				SDKROOT = iphoneos;
				TARGETED_DEVICE_FAMILY = "1,2";
				VALID_ARCHS = arm64;
			};
			name = Release;
		};
		A977BCFC1B66BB010067E5BF /* Debug */ = {
			isa = XCBuildConfiguration;
			buildSettings = {
				ARCHS = "$(ARCHS_STANDARD)";
				ASSETCATALOG_COMPILER_APPICON_NAME = AppIcon;
				COMBINE_HIDPI_IMAGES = YES;
				GCC_PREFIX_HEADER = "$(SRCROOT)/macOS/Prefix.pch";
				GCC_PREPROCESSOR_DEFINITIONS = (
					"DEBUG=1",
					_DEBUG,
					VK_USE_PLATFORM_MACOS_MVK,
				);
				"GCC_PREPROCESSOR_DEFINITIONS[arch=*]" = (
					"DEBUG=1",
					_DEBUG,
					VK_USE_PLATFORM_MACOS_MVK,
				);
				INFOPLIST_FILE = "$(SRCROOT)/macOS/Info.plist";
				LD_RUNPATH_SEARCH_PATHS = "@executable_path";
				LIBRARY_SEARCH_PATHS = (
					"\"$(SRCROOT)/MoltenVK/macOS\"",
					"$(PROJECT_DIR)/MoltenVK/macOS",
				);
				MACOSX_DEPLOYMENT_TARGET = 10.11;
				SDKROOT = macosx;
			};
			name = Debug;
		};
		A977BCFD1B66BB010067E5BF /* Release */ = {
			isa = XCBuildConfiguration;
			buildSettings = {
				ARCHS = "$(ARCHS_STANDARD)";
				ASSETCATALOG_COMPILER_APPICON_NAME = AppIcon;
				COMBINE_HIDPI_IMAGES = YES;
				GCC_PREFIX_HEADER = "$(SRCROOT)/macOS/Prefix.pch";
				GCC_PREPROCESSOR_DEFINITIONS = VK_USE_PLATFORM_MACOS_MVK;
				"GCC_PREPROCESSOR_DEFINITIONS[arch=*]" = VK_USE_PLATFORM_MACOS_MVK;
				INFOPLIST_FILE = "$(SRCROOT)/macOS/Info.plist";
				LD_RUNPATH_SEARCH_PATHS = "@executable_path";
				LIBRARY_SEARCH_PATHS = (
					"\"$(SRCROOT)/MoltenVK/macOS\"",
					"$(PROJECT_DIR)/MoltenVK/macOS",
				);
				MACOSX_DEPLOYMENT_TARGET = 10.11;
				SDKROOT = macosx;
			};
			name = Release;
		};
		C01FCF4F08A954540054247B /* Debug */ = {
			isa = XCBuildConfiguration;
			buildSettings = {
				CLANG_ANALYZER_LOCALIZABILITY_NONLOCALIZED = YES;
				CLANG_CXX_LANGUAGE_STANDARD = "c++0x";
				CLANG_CXX_LIBRARY = "libc++";
				CLANG_ENABLE_MODULES = YES;
				CLANG_ENABLE_OBJC_ARC = NO;
				CLANG_WARN_BLOCK_CAPTURE_AUTORELEASING = YES;
				CLANG_WARN_BOOL_CONVERSION = YES;
				CLANG_WARN_COMMA = YES;
				CLANG_WARN_CONSTANT_CONVERSION = YES;
				CLANG_WARN_EMPTY_BODY = YES;
				CLANG_WARN_ENUM_CONVERSION = YES;
				CLANG_WARN_INFINITE_RECURSION = YES;
				CLANG_WARN_INT_CONVERSION = YES;
				CLANG_WARN_NON_LITERAL_NULL_CONVERSION = YES;
				CLANG_WARN_OBJC_LITERAL_CONVERSION = YES;
				CLANG_WARN_RANGE_LOOP_ANALYSIS = YES;
				CLANG_WARN_STRICT_PROTOTYPES = YES;
				CLANG_WARN_SUSPICIOUS_MOVE = YES;
				CLANG_WARN_UNREACHABLE_CODE = YES;
				CLANG_WARN__DUPLICATE_METHOD_MATCH = YES;
				COPY_PHASE_STRIP = NO;
				ENABLE_BITCODE = NO;
				ENABLE_STRICT_OBJC_MSGSEND = YES;
				ENABLE_TESTABILITY = YES;
				GCC_C_LANGUAGE_STANDARD = c99;
				GCC_NO_COMMON_BLOCKS = YES;
				GCC_OPTIMIZATION_LEVEL = 0;
				GCC_PRECOMPILE_PREFIX_HEADER = YES;
				GCC_PREPROCESSOR_DEFINITIONS = MVK_vulkanscene;
				GCC_SYMBOLS_PRIVATE_EXTERN = NO;
				GCC_WARN_64_TO_32_BIT_CONVERSION = YES;
				GCC_WARN_ABOUT_DEPRECATED_FUNCTIONS = NO;
				GCC_WARN_ABOUT_RETURN_TYPE = YES;
				GCC_WARN_UNDECLARED_SELECTOR = YES;
				GCC_WARN_UNINITIALIZED_AUTOS = YES;
				GCC_WARN_UNUSED_FUNCTION = YES;
				GCC_WARN_UNUSED_VARIABLE = YES;
				HEADER_SEARCH_PATHS = (
					"\"$(SRCROOT)/MoltenVK/include\"",
					"\"$(SRCROOT)/../external\"/**",
				);
				ONLY_ACTIVE_ARCH = YES;
				PRODUCT_BUNDLE_IDENTIFIER = "com.moltenvk.${PRODUCT_NAME:identifier}";
				PRODUCT_NAME = "${PROJECT}";
			};
			name = Debug;
		};
		C01FCF5008A954540054247B /* Release */ = {
			isa = XCBuildConfiguration;
			buildSettings = {
				CLANG_ANALYZER_LOCALIZABILITY_NONLOCALIZED = YES;
				CLANG_CXX_LANGUAGE_STANDARD = "c++0x";
				CLANG_CXX_LIBRARY = "libc++";
				CLANG_ENABLE_MODULES = YES;
				CLANG_ENABLE_OBJC_ARC = NO;
				CLANG_WARN_BLOCK_CAPTURE_AUTORELEASING = YES;
				CLANG_WARN_BOOL_CONVERSION = YES;
				CLANG_WARN_COMMA = YES;
				CLANG_WARN_CONSTANT_CONVERSION = YES;
				CLANG_WARN_EMPTY_BODY = YES;
				CLANG_WARN_ENUM_CONVERSION = YES;
				CLANG_WARN_INFINITE_RECURSION = YES;
				CLANG_WARN_INT_CONVERSION = YES;
				CLANG_WARN_NON_LITERAL_NULL_CONVERSION = YES;
				CLANG_WARN_OBJC_LITERAL_CONVERSION = YES;
				CLANG_WARN_RANGE_LOOP_ANALYSIS = YES;
				CLANG_WARN_STRICT_PROTOTYPES = YES;
				CLANG_WARN_SUSPICIOUS_MOVE = YES;
				CLANG_WARN_UNREACHABLE_CODE = YES;
				CLANG_WARN__DUPLICATE_METHOD_MATCH = YES;
				ENABLE_BITCODE = NO;
				ENABLE_STRICT_OBJC_MSGSEND = YES;
				GCC_C_LANGUAGE_STANDARD = c99;
				GCC_NO_COMMON_BLOCKS = YES;
				GCC_PRECOMPILE_PREFIX_HEADER = YES;
				GCC_PREPROCESSOR_DEFINITIONS = MVK_vulkanscene;
				GCC_SYMBOLS_PRIVATE_EXTERN = NO;
				GCC_WARN_64_TO_32_BIT_CONVERSION = YES;
				GCC_WARN_ABOUT_DEPRECATED_FUNCTIONS = NO;
				GCC_WARN_ABOUT_RETURN_TYPE = YES;
				GCC_WARN_UNDECLARED_SELECTOR = YES;
				GCC_WARN_UNINITIALIZED_AUTOS = YES;
				GCC_WARN_UNUSED_FUNCTION = YES;
				GCC_WARN_UNUSED_VARIABLE = YES;
				HEADER_SEARCH_PATHS = (
					"\"$(SRCROOT)/MoltenVK/include\"",
					"\"$(SRCROOT)/../external\"/**",
				);
				PRODUCT_BUNDLE_IDENTIFIER = "com.moltenvk.${PRODUCT_NAME:identifier}";
				PRODUCT_NAME = "${PROJECT}";
			};
			name = Release;
		};
/* End XCBuildConfiguration section */

/* Begin XCConfigurationList section */
		1D6058960D05DD3E006BFB54 /* Build configuration list for PBXNativeTarget "examples-ios" */ = {
			isa = XCConfigurationList;
			buildConfigurations = (
				1D6058940D05DD3E006BFB54 /* Debug */,
				1D6058950D05DD3E006BFB54 /* Release */,
			);
			defaultConfigurationIsVisible = 0;
			defaultConfigurationName = Release;
		};
		A977BCFB1B66BB010067E5BF /* Build configuration list for PBXNativeTarget "examples-macos" */ = {
			isa = XCConfigurationList;
			buildConfigurations = (
				A977BCFC1B66BB010067E5BF /* Debug */,
				A977BCFD1B66BB010067E5BF /* Release */,
			);
			defaultConfigurationIsVisible = 0;
			defaultConfigurationName = Release;
		};
		C01FCF4E08A954540054247B /* Build configuration list for PBXProject "examples" */ = {
			isa = XCConfigurationList;
			buildConfigurations = (
				C01FCF4F08A954540054247B /* Debug */,
				C01FCF5008A954540054247B /* Release */,
			);
			defaultConfigurationIsVisible = 0;
			defaultConfigurationName = Release;
		};
/* End XCConfigurationList section */
	};
	rootObject = 29B97313FDCFA39411CA2CEA /* Project object */;
}
