
Microsoft Visual Studio Solution File, Format Version 12.00
# Visual Studio 14
VisualStudioVersion = 14.0.24720.0
MinimumVisualStudioVersion = 10.0.40219.1
Project("{2150E333-8FDC-42A3-9474-1A3956D46DE8}") = "triangle", "triangle", "{1E7F5677-399F-4C32-B47D-F6497CEC8977}"
EndProject
Project("{39E2626F-3545-4960-A6E8-258AD8476CE5}") = "triangle.Packaging", "triangle\triangle.Packaging\triangle.Packaging.androidproj", "{740E3731-7142-4CC6-931A-32FF8D672FCA}"
EndProject
Project("{8BC9CEB8-8B4A-11D0-8D11-00A0C91BC942}") = "triangle.NativeActivity", "triangle\triangle.NativeActivity\triangle.NativeActivity.vcxproj", "{622593A1-7B0D-4D71-8369-371601B8BEE1}"
EndProject
Project("{2150E333-8FDC-42A3-9474-1A3956D46DE8}") = "texture", "texture", "{DE733C33-3FDC-4164-9FFA-65515BC9FBAB}"
EndProject
Project("{39E2626F-3545-4960-A6E8-258AD8476CE5}") = "texture.Packaging", "texture\texture.Packaging\texture.Packaging.androidproj", "{46AAFC56-77C9-4666-B7C0-959B9A6C3400}"
EndProject
Project("{8BC9CEB8-8B4A-11D0-8D11-00A0C91BC942}") = "texture.NativeActivity", "texture\texture.NativeActivity\texture.NativeActivity.vcxproj", "{1A536FCE-940C-4184-86A7-808AC521B3C3}"
EndProject
Project("{2150E333-8FDC-42A3-9474-1A3956D46DE8}") = "computeparticles", "computeparticles", "{DA3A5B44-6038-4656-A8B9-22944BD2917D}"
EndProject
Project("{8BC9CEB8-8B4A-11D0-8D11-00A0C91BC942}") = "computeparticles.NativeActivity", "computeparticles\computeparticles.NativeActivity\computeparticles.NativeActivity.vcxproj", "{1C538546-0768-4071-81A6-86EE8F33AA1A}"
EndProject
Project("{39E2626F-3545-4960-A6E8-258AD8476CE5}") = "computeparticles.Packaging", "computeparticles\computeparticles.Packaging\computeparticles.Packaging.androidproj", "{07B432C0-5242-4EB4-982B-CA895D032AE5}"
EndProject
Project("{2150E333-8FDC-42A3-9474-1A3956D46DE8}") = "mesh", "mesh", "{8E46E97F-B3AB-45B1-9C90-876A8D7C7DB6}"
EndProject
Project("{8BC9CEB8-8B4A-11D0-8D11-00A0C91BC942}") = "mesh.NativeActivity", "mesh\mesh.NativeActivity\mesh.NativeActivity.vcxproj", "{18423C3F-1E8D-4D48-829D-554EFAD2F17E}"
EndProject
Project("{39E2626F-3545-4960-A6E8-258AD8476CE5}") = "mesh.Packaging", "mesh\mesh.Packaging\mesh.Packaging.androidproj", "{BAB95B1F-293D-440D-B19F-95FBFA3AA6EF}"
EndProject
Global
	GlobalSection(SolutionConfigurationPlatforms) = preSolution
		Debug|ARM = Debug|ARM
		Debug|ARM64 = Debug|ARM64
		Debug|x64 = Debug|x64
		Debug|x86 = Debug|x86
		Release|ARM = Release|ARM
		Release|ARM64 = Release|ARM64
		Release|x64 = Release|x64
		Release|x86 = Release|x86
	EndGlobalSection
	GlobalSection(ProjectConfigurationPlatforms) = postSolution
		{740E3731-7142-4CC6-931A-32FF8D672FCA}.Debug|ARM.ActiveCfg = Debug|ARM
		{740E3731-7142-4CC6-931A-32FF8D672FCA}.Debug|ARM.Build.0 = Debug|ARM
		{740E3731-7142-4CC6-931A-32FF8D672FCA}.Debug|ARM.Deploy.0 = Debug|ARM
		{740E3731-7142-4CC6-931A-32FF8D672FCA}.Debug|ARM64.ActiveCfg = Debug|ARM64
		{740E3731-7142-4CC6-931A-32FF8D672FCA}.Debug|ARM64.Build.0 = Debug|ARM64
		{740E3731-7142-4CC6-931A-32FF8D672FCA}.Debug|ARM64.Deploy.0 = Debug|ARM64
		{740E3731-7142-4CC6-931A-32FF8D672FCA}.Debug|x64.ActiveCfg = Debug|x64
		{740E3731-7142-4CC6-931A-32FF8D672FCA}.Debug|x64.Build.0 = Debug|x64
		{740E3731-7142-4CC6-931A-32FF8D672FCA}.Debug|x64.Deploy.0 = Debug|x64
		{740E3731-7142-4CC6-931A-32FF8D672FCA}.Debug|x86.ActiveCfg = Debug|x86
		{740E3731-7142-4CC6-931A-32FF8D672FCA}.Debug|x86.Build.0 = Debug|x86
		{740E3731-7142-4CC6-931A-32FF8D672FCA}.Debug|x86.Deploy.0 = Debug|x86
		{740E3731-7142-4CC6-931A-32FF8D672FCA}.Release|ARM.ActiveCfg = Release|ARM
		{740E3731-7142-4CC6-931A-32FF8D672FCA}.Release|ARM.Build.0 = Release|ARM
		{740E3731-7142-4CC6-931A-32FF8D672FCA}.Release|ARM.Deploy.0 = Release|ARM
		{740E3731-7142-4CC6-931A-32FF8D672FCA}.Release|ARM64.ActiveCfg = Release|ARM64
		{740E3731-7142-4CC6-931A-32FF8D672FCA}.Release|ARM64.Build.0 = Release|ARM64
		{740E3731-7142-4CC6-931A-32FF8D672FCA}.Release|ARM64.Deploy.0 = Release|ARM64
		{740E3731-7142-4CC6-931A-32FF8D672FCA}.Release|x64.ActiveCfg = Release|x64
		{740E3731-7142-4CC6-931A-32FF8D672FCA}.Release|x64.Build.0 = Release|x64
		{740E3731-7142-4CC6-931A-32FF8D672FCA}.Release|x64.Deploy.0 = Release|x64
		{740E3731-7142-4CC6-931A-32FF8D672FCA}.Release|x86.ActiveCfg = Release|x86
		{740E3731-7142-4CC6-931A-32FF8D672FCA}.Release|x86.Build.0 = Release|x86
		{740E3731-7142-4CC6-931A-32FF8D672FCA}.Release|x86.Deploy.0 = Release|x86
		{622593A1-7B0D-4D71-8369-371601B8BEE1}.Debug|ARM.ActiveCfg = Debug|ARM
		{622593A1-7B0D-4D71-8369-371601B8BEE1}.Debug|ARM.Build.0 = Debug|ARM
		{622593A1-7B0D-4D71-8369-371601B8BEE1}.Debug|ARM64.ActiveCfg = Debug|ARM64
		{622593A1-7B0D-4D71-8369-371601B8BEE1}.Debug|ARM64.Build.0 = Debug|ARM64
		{622593A1-7B0D-4D71-8369-371601B8BEE1}.Debug|x64.ActiveCfg = Debug|x64
		{622593A1-7B0D-4D71-8369-371601B8BEE1}.Debug|x64.Build.0 = Debug|x64
		{622593A1-7B0D-4D71-8369-371601B8BEE1}.Debug|x86.ActiveCfg = Debug|x86
		{622593A1-7B0D-4D71-8369-371601B8BEE1}.Debug|x86.Build.0 = Debug|x86
		{622593A1-7B0D-4D71-8369-371601B8BEE1}.Release|ARM.ActiveCfg = Release|ARM
		{622593A1-7B0D-4D71-8369-371601B8BEE1}.Release|ARM.Build.0 = Release|ARM
		{622593A1-7B0D-4D71-8369-371601B8BEE1}.Release|ARM64.ActiveCfg = Release|ARM64
		{622593A1-7B0D-4D71-8369-371601B8BEE1}.Release|ARM64.Build.0 = Release|ARM64
		{622593A1-7B0D-4D71-8369-371601B8BEE1}.Release|x64.ActiveCfg = Release|x64
		{622593A1-7B0D-4D71-8369-371601B8BEE1}.Release|x64.Build.0 = Release|x64
		{622593A1-7B0D-4D71-8369-371601B8BEE1}.Release|x86.ActiveCfg = Release|x86
		{622593A1-7B0D-4D71-8369-371601B8BEE1}.Release|x86.Build.0 = Release|x86
		{46AAFC56-77C9-4666-B7C0-959B9A6C3400}.Debug|ARM.ActiveCfg = Debug|ARM
		{46AAFC56-77C9-4666-B7C0-959B9A6C3400}.Debug|ARM.Build.0 = Debug|ARM
		{46AAFC56-77C9-4666-B7C0-959B9A6C3400}.Debug|ARM.Deploy.0 = Debug|ARM
		{46AAFC56-77C9-4666-B7C0-959B9A6C3400}.Debug|ARM64.ActiveCfg = Debug|ARM64
		{46AAFC56-77C9-4666-B7C0-959B9A6C3400}.Debug|ARM64.Build.0 = Debug|ARM64
		{46AAFC56-77C9-4666-B7C0-959B9A6C3400}.Debug|ARM64.Deploy.0 = Debug|ARM64
		{46AAFC56-77C9-4666-B7C0-959B9A6C3400}.Debug|x64.ActiveCfg = Debug|x64
		{46AAFC56-77C9-4666-B7C0-959B9A6C3400}.Debug|x64.Build.0 = Debug|x64
		{46AAFC56-77C9-4666-B7C0-959B9A6C3400}.Debug|x64.Deploy.0 = Debug|x64
		{46AAFC56-77C9-4666-B7C0-959B9A6C3400}.Debug|x86.ActiveCfg = Debug|x86
		{46AAFC56-77C9-4666-B7C0-959B9A6C3400}.Debug|x86.Build.0 = Debug|x86
		{46AAFC56-77C9-4666-B7C0-959B9A6C3400}.Debug|x86.Deploy.0 = Debug|x86
		{46AAFC56-77C9-4666-B7C0-959B9A6C3400}.Release|ARM.ActiveCfg = Release|ARM
		{46AAFC56-77C9-4666-B7C0-959B9A6C3400}.Release|ARM.Build.0 = Release|ARM
		{46AAFC56-77C9-4666-B7C0-959B9A6C3400}.Release|ARM.Deploy.0 = Release|ARM
		{46AAFC56-77C9-4666-B7C0-959B9A6C3400}.Release|ARM64.ActiveCfg = Release|ARM64
		{46AAFC56-77C9-4666-B7C0-959B9A6C3400}.Release|ARM64.Build.0 = Release|ARM64
		{46AAFC56-77C9-4666-B7C0-959B9A6C3400}.Release|ARM64.Deploy.0 = Release|ARM64
		{46AAFC56-77C9-4666-B7C0-959B9A6C3400}.Release|x64.ActiveCfg = Release|x64
		{46AAFC56-77C9-4666-B7C0-959B9A6C3400}.Release|x64.Build.0 = Release|x64
		{46AAFC56-77C9-4666-B7C0-959B9A6C3400}.Release|x64.Deploy.0 = Release|x64
		{46AAFC56-77C9-4666-B7C0-959B9A6C3400}.Release|x86.ActiveCfg = Release|x86
		{46AAFC56-77C9-4666-B7C0-959B9A6C3400}.Release|x86.Build.0 = Release|x86
		{46AAFC56-77C9-4666-B7C0-959B9A6C3400}.Release|x86.Deploy.0 = Release|x86
		{1A536FCE-940C-4184-86A7-808AC521B3C3}.Debug|ARM.ActiveCfg = Debug|ARM
		{1A536FCE-940C-4184-86A7-808AC521B3C3}.Debug|ARM.Build.0 = Debug|ARM
		{1A536FCE-940C-4184-86A7-808AC521B3C3}.Debug|ARM64.ActiveCfg = Debug|ARM64
		{1A536FCE-940C-4184-86A7-808AC521B3C3}.Debug|ARM64.Build.0 = Debug|ARM64
		{1A536FCE-940C-4184-86A7-808AC521B3C3}.Debug|x64.ActiveCfg = Debug|x64
		{1A536FCE-940C-4184-86A7-808AC521B3C3}.Debug|x64.Build.0 = Debug|x64
		{1A536FCE-940C-4184-86A7-808AC521B3C3}.Debug|x86.ActiveCfg = Debug|x86
		{1A536FCE-940C-4184-86A7-808AC521B3C3}.Debug|x86.Build.0 = Debug|x86
		{1A536FCE-940C-4184-86A7-808AC521B3C3}.Release|ARM.ActiveCfg = Release|ARM
		{1A536FCE-940C-4184-86A7-808AC521B3C3}.Release|ARM.Build.0 = Release|ARM
		{1A536FCE-940C-4184-86A7-808AC521B3C3}.Release|ARM64.ActiveCfg = Release|ARM64
		{1A536FCE-940C-4184-86A7-808AC521B3C3}.Release|ARM64.Build.0 = Release|ARM64
		{1A536FCE-940C-4184-86A7-808AC521B3C3}.Release|x64.ActiveCfg = Release|x64
		{1A536FCE-940C-4184-86A7-808AC521B3C3}.Release|x64.Build.0 = Release|x64
		{1A536FCE-940C-4184-86A7-808AC521B3C3}.Release|x86.ActiveCfg = Release|x86
		{1A536FCE-940C-4184-86A7-808AC521B3C3}.Release|x86.Build.0 = Release|x86
		{1C538546-0768-4071-81A6-86EE8F33AA1A}.Debug|ARM.ActiveCfg = Debug|ARM
		{1C538546-0768-4071-81A6-86EE8F33AA1A}.Debug|ARM.Build.0 = Debug|ARM
		{1C538546-0768-4071-81A6-86EE8F33AA1A}.Debug|ARM64.ActiveCfg = Debug|ARM64
		{1C538546-0768-4071-81A6-86EE8F33AA1A}.Debug|ARM64.Build.0 = Debug|ARM64
		{1C538546-0768-4071-81A6-86EE8F33AA1A}.Debug|x64.ActiveCfg = Debug|x64
		{1C538546-0768-4071-81A6-86EE8F33AA1A}.Debug|x64.Build.0 = Debug|x64
		{1C538546-0768-4071-81A6-86EE8F33AA1A}.Debug|x86.ActiveCfg = Debug|x86
		{1C538546-0768-4071-81A6-86EE8F33AA1A}.Debug|x86.Build.0 = Debug|x86
		{1C538546-0768-4071-81A6-86EE8F33AA1A}.Release|ARM.ActiveCfg = Release|ARM
		{1C538546-0768-4071-81A6-86EE8F33AA1A}.Release|ARM.Build.0 = Release|ARM
		{1C538546-0768-4071-81A6-86EE8F33AA1A}.Release|ARM64.ActiveCfg = Release|ARM64
		{1C538546-0768-4071-81A6-86EE8F33AA1A}.Release|ARM64.Build.0 = Release|ARM64
		{1C538546-0768-4071-81A6-86EE8F33AA1A}.Release|x64.ActiveCfg = Release|x64
		{1C538546-0768-4071-81A6-86EE8F33AA1A}.Release|x64.Build.0 = Release|x64
		{1C538546-0768-4071-81A6-86EE8F33AA1A}.Release|x86.ActiveCfg = Release|x86
		{1C538546-0768-4071-81A6-86EE8F33AA1A}.Release|x86.Build.0 = Release|x86
		{07B432C0-5242-4EB4-982B-CA895D032AE5}.Debug|ARM.ActiveCfg = Debug|ARM
		{07B432C0-5242-4EB4-982B-CA895D032AE5}.Debug|ARM.Build.0 = Debug|ARM
		{07B432C0-5242-4EB4-982B-CA895D032AE5}.Debug|ARM.Deploy.0 = Debug|ARM
		{07B432C0-5242-4EB4-982B-CA895D032AE5}.Debug|ARM64.ActiveCfg = Debug|ARM64
		{07B432C0-5242-4EB4-982B-CA895D032AE5}.Debug|ARM64.Build.0 = Debug|ARM64
		{07B432C0-5242-4EB4-982B-CA895D032AE5}.Debug|ARM64.Deploy.0 = Debug|ARM64
		{07B432C0-5242-4EB4-982B-CA895D032AE5}.Debug|x64.ActiveCfg = Debug|x64
		{07B432C0-5242-4EB4-982B-CA895D032AE5}.Debug|x64.Build.0 = Debug|x64
		{07B432C0-5242-4EB4-982B-CA895D032AE5}.Debug|x64.Deploy.0 = Debug|x64
		{07B432C0-5242-4EB4-982B-CA895D032AE5}.Debug|x86.ActiveCfg = Debug|x86
		{07B432C0-5242-4EB4-982B-CA895D032AE5}.Debug|x86.Build.0 = Debug|x86
		{07B432C0-5242-4EB4-982B-CA895D032AE5}.Debug|x86.Deploy.0 = Debug|x86
		{07B432C0-5242-4EB4-982B-CA895D032AE5}.Release|ARM.ActiveCfg = Release|ARM
		{07B432C0-5242-4EB4-982B-CA895D032AE5}.Release|ARM.Build.0 = Release|ARM
		{07B432C0-5242-4EB4-982B-CA895D032AE5}.Release|ARM.Deploy.0 = Release|ARM
		{07B432C0-5242-4EB4-982B-CA895D032AE5}.Release|ARM64.ActiveCfg = Release|ARM64
		{07B432C0-5242-4EB4-982B-CA895D032AE5}.Release|ARM64.Build.0 = Release|ARM64
		{07B432C0-5242-4EB4-982B-CA895D032AE5}.Release|ARM64.Deploy.0 = Release|ARM64
		{07B432C0-5242-4EB4-982B-CA895D032AE5}.Release|x64.ActiveCfg = Release|x64
		{07B432C0-5242-4EB4-982B-CA895D032AE5}.Release|x64.Build.0 = Release|x64
		{07B432C0-5242-4EB4-982B-CA895D032AE5}.Release|x64.Deploy.0 = Release|x64
		{07B432C0-5242-4EB4-982B-CA895D032AE5}.Release|x86.ActiveCfg = Release|x86
		{07B432C0-5242-4EB4-982B-CA895D032AE5}.Release|x86.Build.0 = Release|x86
		{07B432C0-5242-4EB4-982B-CA895D032AE5}.Release|x86.Deploy.0 = Release|x86
		{18423C3F-1E8D-4D48-829D-554EFAD2F17E}.Debug|ARM.ActiveCfg = Debug|ARM
		{18423C3F-1E8D-4D48-829D-554EFAD2F17E}.Debug|ARM.Build.0 = Debug|ARM
		{18423C3F-1E8D-4D48-829D-554EFAD2F17E}.Debug|ARM64.ActiveCfg = Debug|ARM64
		{18423C3F-1E8D-4D48-829D-554EFAD2F17E}.Debug|ARM64.Build.0 = Debug|ARM64
		{18423C3F-1E8D-4D48-829D-554EFAD2F17E}.Debug|x64.ActiveCfg = Debug|x64
		{18423C3F-1E8D-4D48-829D-554EFAD2F17E}.Debug|x64.Build.0 = Debug|x64
		{18423C3F-1E8D-4D48-829D-554EFAD2F17E}.Debug|x86.ActiveCfg = Debug|x86
		{18423C3F-1E8D-4D48-829D-554EFAD2F17E}.Debug|x86.Build.0 = Debug|x86
		{18423C3F-1E8D-4D48-829D-554EFAD2F17E}.Release|ARM.ActiveCfg = Release|ARM
		{18423C3F-1E8D-4D48-829D-554EFAD2F17E}.Release|ARM.Build.0 = Release|ARM
		{18423C3F-1E8D-4D48-829D-554EFAD2F17E}.Release|ARM64.ActiveCfg = Release|ARM64
		{18423C3F-1E8D-4D48-829D-554EFAD2F17E}.Release|ARM64.Build.0 = Release|ARM64
		{18423C3F-1E8D-4D48-829D-554EFAD2F17E}.Release|x64.ActiveCfg = Release|x64
		{18423C3F-1E8D-4D48-829D-554EFAD2F17E}.Release|x64.Build.0 = Release|x64
		{18423C3F-1E8D-4D48-829D-554EFAD2F17E}.Release|x86.ActiveCfg = Release|x86
		{18423C3F-1E8D-4D48-829D-554EFAD2F17E}.Release|x86.Build.0 = Release|x86
		{BAB95B1F-293D-440D-B19F-95FBFA3AA6EF}.Debug|ARM.ActiveCfg = Debug|ARM
		{BAB95B1F-293D-440D-B19F-95FBFA3AA6EF}.Debug|ARM.Build.0 = Debug|ARM
		{BAB95B1F-293D-440D-B19F-95FBFA3AA6EF}.Debug|ARM.Deploy.0 = Debug|ARM
		{BAB95B1F-293D-440D-B19F-95FBFA3AA6EF}.Debug|ARM64.ActiveCfg = Debug|ARM64
		{BAB95B1F-293D-440D-B19F-95FBFA3AA6EF}.Debug|ARM64.Build.0 = Debug|ARM64
		{BAB95B1F-293D-440D-B19F-95FBFA3AA6EF}.Debug|ARM64.Deploy.0 = Debug|ARM64
		{BAB95B1F-293D-440D-B19F-95FBFA3AA6EF}.Debug|x64.ActiveCfg = Debug|x64
		{BAB95B1F-293D-440D-B19F-95FBFA3AA6EF}.Debug|x64.Build.0 = Debug|x64
		{BAB95B1F-293D-440D-B19F-95FBFA3AA6EF}.Debug|x64.Deploy.0 = Debug|x64
		{BAB95B1F-293D-440D-B19F-95FBFA3AA6EF}.Debug|x86.ActiveCfg = Debug|x86
		{BAB95B1F-293D-440D-B19F-95FBFA3AA6EF}.Debug|x86.Build.0 = Debug|x86
		{BAB95B1F-293D-440D-B19F-95FBFA3AA6EF}.Debug|x86.Deploy.0 = Debug|x86
		{BAB95B1F-293D-440D-B19F-95FBFA3AA6EF}.Release|ARM.ActiveCfg = Release|ARM
		{BAB95B1F-293D-440D-B19F-95FBFA3AA6EF}.Release|ARM.Build.0 = Release|ARM
		{BAB95B1F-293D-440D-B19F-95FBFA3AA6EF}.Release|ARM.Deploy.0 = Release|ARM
		{BAB95B1F-293D-440D-B19F-95FBFA3AA6EF}.Release|ARM64.ActiveCfg = Release|ARM64
		{BAB95B1F-293D-440D-B19F-95FBFA3AA6EF}.Release|ARM64.Build.0 = Release|ARM64
		{BAB95B1F-293D-440D-B19F-95FBFA3AA6EF}.Release|ARM64.Deploy.0 = Release|ARM64
		{BAB95B1F-293D-440D-B19F-95FBFA3AA6EF}.Release|x64.ActiveCfg = Release|x64
		{BAB95B1F-293D-440D-B19F-95FBFA3AA6EF}.Release|x64.Build.0 = Release|x64
		{BAB95B1F-293D-440D-B19F-95FBFA3AA6EF}.Release|x64.Deploy.0 = Release|x64
		{BAB95B1F-293D-440D-B19F-95FBFA3AA6EF}.Release|x86.ActiveCfg = Release|x86
		{BAB95B1F-293D-440D-B19F-95FBFA3AA6EF}.Release|x86.Build.0 = Release|x86
		{BAB95B1F-293D-440D-B19F-95FBFA3AA6EF}.Release|x86.Deploy.0 = Release|x86
	EndGlobalSection
	GlobalSection(SolutionProperties) = preSolution
		HideSolutionNode = FALSE
	EndGlobalSection
	GlobalSection(NestedProjects) = preSolution
		{740E3731-7142-4CC6-931A-32FF8D672FCA} = {1E7F5677-399F-4C32-B47D-F6497CEC8977}
		{622593A1-7B0D-4D71-8369-371601B8BEE1} = {1E7F5677-399F-4C32-B47D-F6497CEC8977}
		{46AAFC56-77C9-4666-B7C0-959B9A6C3400} = {DE733C33-3FDC-4164-9FFA-65515BC9FBAB}
		{1A536FCE-940C-4184-86A7-808AC521B3C3} = {DE733C33-3FDC-4164-9FFA-65515BC9FBAB}
		{1C538546-0768-4071-81A6-86EE8F33AA1A} = {DA3A5B44-6038-4656-A8B9-22944BD2917D}
		{07B432C0-5242-4EB4-982B-CA895D032AE5} = {DA3A5B44-6038-4656-A8B9-22944BD2917D}
		{18423C3F-1E8D-4D48-829D-554EFAD2F17E} = {8E46E97F-B3AB-45B1-9C90-876A8D7C7DB6}
		{BAB95B1F-293D-440D-B19F-95FBFA3AA6EF} = {8E46E97F-B3AB-45B1-9C90-876A8D7C7DB6}
	EndGlobalSection
EndGlobal
