<?xml version="1.0" encoding="utf-8"?>
<Project ToolsVersion="4.0" xmlns="http://schemas.microsoft.com/developer/msbuild/2003">
  <ItemGroup>
    <Filter Include="Source Files">
      <UniqueIdentifier>{4FC737F1-C7A5-4376-A066-2A32D752A2FF}</UniqueIdentifier>
      <Extensions>cpp;c;cc;cxx;def;odl;idl;hpj;bat;asm;asmx</Extensions>
    </Filter>
    <Filter Include="Header Files">
      <UniqueIdentifier>{93995380-89BD-4b04-88EB-625FBE52EBFB}</UniqueIdentifier>
      <Extensions>h;hh;hpp;hxx;hm;inl;inc;xsd</Extensions>
    </Filter>
    <Filter Include="Resource Files">
      <UniqueIdentifier>{67DA6AB6-F800-4c08-8B7A-83BB121AAD01}</UniqueIdentifier>
      <Extensions>rc;ico;cur;bmp;dlg;rc2;rct;bin;rgs;gif;jpg;jpeg;jpe;resx;tiff;tif;png;wav;mfcribbon-ms</Extensions>
    </Filter>
    <Filter Include="Shaders">
      <UniqueIdentifier>{9e89ec36-20e5-4fab-8bb2-2db119827e59}</UniqueIdentifier>
    </Filter>
  </ItemGroup>
  <ItemGroup>
    <ClCompile Include="deferredshadows.cpp">
      <Filter>Source Files</Filter>
    </ClCompile>
  </ItemGroup>
  <ItemGroup>
    <None Include="..\data\shaders\deferredshadows\debug.frag">
      <Filter>Shaders</Filter>
    </None>
    <None Include="..\data\shaders\deferredshadows\debug.vert">
      <Filter>Shaders</Filter>
    </None>
    <None Include="..\data\shaders\deferredshadows\deferred.frag">
      <Filter>Shaders</Filter>
    </None>
    <None Include="..\data\shaders\deferredshadows\deferred.vert">
      <Filter>Shaders</Filter>
    </None>
    <None Include="..\data\shaders\deferredshadows\mrt.frag">
      <Filter>Shaders</Filter>
    </None>
    <None Include="..\data\shaders\deferredshadows\mrt.vert">
      <Filter>Shaders</Filter>
    </None>
    <None Include="..\data\shaders\deferredshadows\shadow.frag">
      <Filter>Shaders</Filter>
    </None>
    <None Include="..\data\shaders\deferredshadows\shadow.geom">
      <Filter>Shaders</Filter>
    </None>
    <None Include="..\data\shaders\deferredshadows\shadow.vert">
      <Filter>Shaders</Filter>
    </None>
  </ItemGroup>
</Project>